Microsoft Visual Studio Solution File, Format Version 8.00
Project("{8BC9CEB8-8B4A-11D0-8D11-00A0C91BC942}") = "BSPLib", "Graphics\BSPLib\BSPLib.vcproj", "{A9AF41A2-348D-40FC-A7AD-601A944E1D2F}"
	ProjectSection(ProjectDependencies) = postProject
	EndProjectSection
EndProject
Project("{8BC9CEB8-8B4A-11D0-8D11-00A0C91BC942}") = "Bomb", "Sim\Bomb\Bomb.vcproj", "{916C9938-FB28-4452-92B7-FF27DF0F858F}"
	ProjectSection(ProjectDependencies) = postProject
	EndProjectSection
EndProject
Project("{8BC9CEB8-8B4A-11D0-8D11-00A0C91BC942}") = "CampLib", "Campaign\CampLib\CampLib.vcproj", "{137E2465-7871-46AB-990A-8B53B26E6067}"
	ProjectSection(ProjectDependencies) = postProject
	EndProjectSection
EndProject
Project("{8BC9CEB8-8B4A-11D0-8D11-00A0C91BC942}") = "CampTask", "Campaign\CampTask\CampTask.vcproj", "{9F3DC08D-F3AB-45BA-BDEC-D6E416C5C09A}"
	ProjectSection(ProjectDependencies) = postProject
	EndProjectSection
EndProject
Project("{8BC9CEB8-8B4A-11D0-8D11-00A0C91BC942}") = "CampTool", "Campaign\CampTool\CampTool.vcproj", "{D7932B34-4576-43BA-9287-757C91C1F09B}"
	ProjectSection(ProjectDependencies) = postProject
	EndProjectSection
EndProject
Project("{8BC9CEB8-8B4A-11D0-8D11-00A0C91BC942}") = "CampUI", "Campaign\CampUI\CampUI.vcproj", "{AB408B12-A8E9-4BA2-A312-92DF930559EF}"
	ProjectSection(ProjectDependencies) = postProject
		{8A0E07A2-5623-4742-AD92-ADC5310C425A} = {8A0E07A2-5623-4742-AD92-ADC5310C425A}
	EndProjectSection
EndProject
Project("{8BC9CEB8-8B4A-11D0-8D11-00A0C91BC942}") = "CampUpd", "Campaign\CampUpd\CampUpd.vcproj", "{1B95EBF6-D3A4-49F1-8DB7-CB3058A5FFCF}"
	ProjectSection(ProjectDependencies) = postProject
	EndProjectSection
EndProject
Project("{8BC9CEB8-8B4A-11D0-8D11-00A0C91BC942}") = "Cockpit", "Sim\Cockpit\Cockpit.vcproj", "{C008F3F5-C2A9-49C0-8798-30D3B83A6CC2}"
	ProjectSection(ProjectDependencies) = postProject
	EndProjectSection
EndProject
Project("{8BC9CEB8-8B4A-11D0-8D11-00A0C91BC942}") = "Comms", "Comms\Comms.vcproj", "{32EAB4B3-5B0D-4205-8DCE-99FF97B7EEA5}"
	ProjectSection(ProjectDependencies) = postProject
	EndProjectSection
EndProject
Project("{8BC9CEB8-8B4A-11D0-8D11-00A0C91BC942}") = "DDStuff", "Graphics\DDStuff\DDStuff.vcproj", "{8ED5D803-EFF2-4B5B-86AF-831FF6A5A7F7}"
	ProjectSection(ProjectDependencies) = postProject
	EndProjectSection
EndProject
Project("{8BC9CEB8-8B4A-11D0-8D11-00A0C91BC942}") = "Digi", "Sim\Digi\Digi.vcproj", "{36A59546-6E25-4436-B4F5-C113DECCCF3C}"
	ProjectSection(ProjectDependencies) = postProject
	EndProjectSection
EndProject
Project("{8BC9CEB8-8B4A-11D0-8D11-00A0C91BC942}") = "Displays", "Sim\Displays\Displays.vcproj", "{30F114E1-84F8-4C54-B897-97BAEE1CF481}"
	ProjectSection(ProjectDependencies) = postProject
	EndProjectSection
EndProject
Project("{8BC9CEB8-8B4A-11D0-8D11-00A0C91BC942}") = "Eject", "Sim\Eject\Eject.vcproj", "{D8956702-2871-46F0-82D5-62034C5F7285}"
	ProjectSection(ProjectDependencies) = postProject
	EndProjectSection
EndProject
Project("{8BC9CEB8-8B4A-11D0-8D11-00A0C91BC942}") = "FCC", "Sim\FCC\FCC.vcproj", "{8F024CCA-883D-4A35-AAE1-99169C50B94E}"
	ProjectSection(ProjectDependencies) = postProject
	EndProjectSection
EndProject
Project("{8BC9CEB8-8B4A-11D0-8D11-00A0C91BC942}") = "FalcLib", "FalcLib\FalcLib.vcproj", "{279B8DEB-3C4A-4B2C-9055-AA50F7405219}"
	ProjectSection(ProjectDependencies) = postProject
	EndProjectSection
EndProject
Project("{8BC9CEB8-8B4A-11D0-8D11-00A0C91BC942}") = "FalcSnd", "FalcSnd\FalcSnd.vcproj", "{F08AB66A-0C6F-4382-97D7-C46C375D3C24}"
	ProjectSection(ProjectDependencies) = postProject
	EndProjectSection
EndProject
Project("{8BC9CEB8-8B4A-11D0-8D11-00A0C91BC942}") = "Falcon4", "Falcon4.vcproj", "{B9BCF143-4CB4-45CE-8A65-8A0C54768E58}"
	ProjectSection(ProjectDependencies) = postProject
		{D8956702-2871-46F0-82D5-62034C5F7285} = {D8956702-2871-46F0-82D5-62034C5F7285}
		{8ED5D803-EFF2-4B5B-86AF-831FF6A5A7F7} = {8ED5D803-EFF2-4B5B-86AF-831FF6A5A7F7}
		{3042720A-4B53-4B35-A354-031A0D79C226} = {3042720A-4B53-4B35-A354-031A0D79C226}
		{6275F50C-0337-4201-9CDB-F58FD5A66D65} = {6275F50C-0337-4201-9CDB-F58FD5A66D65}
		{D180A90E-67BF-46E5-939E-744FD76B5BD1} = {D180A90E-67BF-46E5-939E-744FD76B5BD1}
		{EC52C00E-CD89-44E8-B356-F8A173F8ED40} = {EC52C00E-CD89-44E8-B356-F8A173F8ED40}
		{7937590F-BA3E-4537-87E3-98863770AC81} = {7937590F-BA3E-4537-87E3-98863770AC81}
		{3C79FE0F-78F0-4451-99A9-E2EE9CEFE39A} = {3C79FE0F-78F0-4451-99A9-E2EE9CEFE39A}
		{AB408B12-A8E9-4BA2-A312-92DF930559EF} = {AB408B12-A8E9-4BA2-A312-92DF930559EF}
		{D3B8701D-46C8-425A-BF3E-2D856ED8F732} = {D3B8701D-46C8-425A-BF3E-2D856ED8F732}
		{19AC892E-EB8C-46BE-A73D-D69AD23C41F3} = {19AC892E-EB8C-46BE-A73D-D69AD23C41F3}
		{5D9EEB30-2BC8-42CD-B76F-06FB46492B08} = {5D9EEB30-2BC8-42CD-B76F-06FB46492B08}
		{D7932B34-4576-43BA-9287-757C91C1F09B} = {D7932B34-4576-43BA-9287-757C91C1F09B}
		{0A406638-92B3-4109-97A4-8CE1391550E0} = {0A406638-92B3-4109-97A4-8CE1391550E0}
		{916C9938-FB28-4452-92B7-FF27DF0F858F} = {916C9938-FB28-4452-92B7-FF27DF0F858F}
		{5AFB5B41-122D-4929-9EC6-279F88934DD9} = {5AFB5B41-122D-4929-9EC6-279F88934DD9}
		{36A59546-6E25-4436-B4F5-C113DECCCF3C} = {36A59546-6E25-4436-B4F5-C113DECCCF3C}
		{4B65F64A-C572-44DA-834F-47CDDE6381FE} = {4B65F64A-C572-44DA-834F-47CDDE6381FE}
		{F02BF74B-FDB5-4E64-B232-554ADE43DF1A} = {F02BF74B-FDB5-4E64-B232-554ADE43DF1A}
		{24640B5C-06A2-46FC-8B9F-49779489AE6D} = {24640B5C-06A2-46FC-8B9F-49779489AE6D}
		{D350E25E-8996-47C9-B3EF-D27986D93920} = {D350E25E-8996-47C9-B3EF-D27986D93920}
		{BA2CB060-F7CC-4258-B356-C743BE43937E} = {BA2CB060-F7CC-4258-B356-C743BE43937E}
		{DB08A361-37B1-4D37-AE4C-52C3F654DAB4} = {DB08A361-37B1-4D37-AE4C-52C3F654DAB4}
		{F0F3C561-1BEF-48C0-9708-9C588F326DB4} = {F0F3C561-1BEF-48C0-9708-9C588F326DB4}
		{137E2465-7871-46AB-990A-8B53B26E6067} = {137E2465-7871-46AB-990A-8B53B26E6067}
		{F08AB66A-0C6F-4382-97D7-C46C375D3C24} = {F08AB66A-0C6F-4382-97D7-C46C375D3C24}
		{12A1697C-7EB4-4BA0-9764-7386B91C4FEB} = {12A1697C-7EB4-4BA0-9764-7386B91C4FEB}
		{FCEA447D-B717-4C0E-ABDB-25355EFFD63B} = {FCEA447D-B717-4C0E-ABDB-25355EFFD63B}
		{30816680-DB76-4485-AA3D-3FC966390C0E} = {30816680-DB76-4485-AA3D-3FC966390C0E}
		{7B84E881-F7A3-41D0-802A-6C9238018427} = {7B84E881-F7A3-41D0-802A-6C9238018427}
		{A66FFC82-B2F9-48FF-B169-EC911B9E7512} = {A66FFC82-B2F9-48FF-B169-EC911B9E7512}
		{BA98EF88-F5FA-4BFD-A6C8-1EA4445026C9} = {BA98EF88-F5FA-4BFD-A6C8-1EA4445026C9}
		{9F3DC08D-F3AB-45BA-BDEC-D6E416C5C09A} = {9F3DC08D-F3AB-45BA-BDEC-D6E416C5C09A}
		{D2F5AB8E-A793-4817-A476-3FB9F9ACB384} = {D2F5AB8E-A793-4817-A476-3FB9F9ACB384}
		{59BECA8E-1370-4D6E-BCA7-C6948601471A} = {59BECA8E-1370-4D6E-BCA7-C6948601471A}
		{25056C8F-66B0-4E5F-9F93-2E0BA7A22C4C} = {25056C8F-66B0-4E5F-9F93-2E0BA7A22C4C}
		{08082B97-E1DA-491A-ACDA-E555342C9F82} = {08082B97-E1DA-491A-ACDA-E555342C9F82}
		{5050729B-EFD8-4ED4-800D-41575F41B225} = {5050729B-EFD8-4ED4-800D-41575F41B225}
		{8A0E07A2-5623-4742-AD92-ADC5310C425A} = {8A0E07A2-5623-4742-AD92-ADC5310C425A}
		{A9AF41A2-348D-40FC-A7AD-601A944E1D2F} = {A9AF41A2-348D-40FC-A7AD-601A944E1D2F}
		{1D825AA7-EAB1-47D0-AC9A-C44DB4F0DDFC} = {1D825AA7-EAB1-47D0-AC9A-C44DB4F0DDFC}
		{3BE385A8-D11D-4E54-BCEE-443CE3C81DBC} = {3BE385A8-D11D-4E54-BCEE-443CE3C81DBC}
		{DE5206A9-EF00-4233-A3E1-08DF65E1AB65} = {DE5206A9-EF00-4233-A3E1-08DF65E1AB65}
		{A0377AAE-3C21-4841-BA46-333B7835490C} = {A0377AAE-3C21-4841-BA46-333B7835490C}
		{335948B2-69EB-4949-A264-A5A14ABE5BDA} = {335948B2-69EB-4949-A264-A5A14ABE5BDA}
		{13256DB2-A84D-4755-9EFC-BEECDA61713C} = {13256DB2-A84D-4755-9EFC-BEECDA61713C}
		{32EAB4B3-5B0D-4205-8DCE-99FF97B7EEA5} = {32EAB4B3-5B0D-4205-8DCE-99FF97B7EEA5}
		{06FEDAB4-0B59-4B15-8B9B-CC74F4D96C07} = {06FEDAB4-0B59-4B15-8B9B-CC74F4D96C07}
		{637040B7-E832-4567-AB76-56A0521AFA9E} = {637040B7-E832-4567-AB76-56A0521AFA9E}
		{B1251ABE-8BBE-4D89-B9C4-F253C4760855} = {B1251ABE-8BBE-4D89-B9C4-F253C4760855}
		{5D2D31C8-287E-4970-9425-B45745B3874C} = {5D2D31C8-287E-4970-9425-B45745B3874C}
		{8F024CCA-883D-4A35-AAE1-99169C50B94E} = {8F024CCA-883D-4A35-AAE1-99169C50B94E}
		{264AB5CD-FB0C-497A-A30F-3EAC9624DC7B} = {264AB5CD-FB0C-497A-A30F-3EAC9624DC7B}
		{9AB683D2-C834-4543-BF4B-F4C50AD5D16E} = {9AB683D2-C834-4543-BF4B-F4C50AD5D16E}
		{3052A8D3-71F3-4502-BD4D-37C0CC1B1176} = {3052A8D3-71F3-4502-BD4D-37C0CC1B1176}
		{501002DB-C2C6-4963-968F-991A56811A75} = {501002DB-C2C6-4963-968F-991A56811A75}
		{30F114E1-84F8-4C54-B897-97BAEE1CF481} = {30F114E1-84F8-4C54-B897-97BAEE1CF481}
		{0052E7E5-99E4-45A5-AF65-89C997DA37A1} = {0052E7E5-99E4-45A5-AF65-89C997DA37A1}
		{279B8DEB-3C4A-4B2C-9055-AA50F7405219} = {279B8DEB-3C4A-4B2C-9055-AA50F7405219}
		{608E8FEB-FB0D-43E1-8615-91FAFA182B89} = {608E8FEB-FB0D-43E1-8615-91FAFA182B89}
		{4A1ABFED-DEB8-4E1F-9B8B-7DD0EC45F433} = {4A1ABFED-DEB8-4E1F-9B8B-7DD0EC45F433}
		{C008F3F5-C2A9-49C0-8798-30D3B83A6CC2} = {C008F3F5-C2A9-49C0-8798-30D3B83A6CC2}
		{1B95EBF6-D3A4-49F1-8DB7-CB3058A5FFCF} = {1B95EBF6-D3A4-49F1-8DB7-CB3058A5FFCF}
		{C89E7CFD-2B9C-4AEA-8F9E-B29747933F9B} = {C89E7CFD-2B9C-4AEA-8F9E-B29747933F9B}
		{30BA2DFE-D99E-4576-986A-834B868BEFD9} = {30BA2DFE-D99E-4576-986A-834B868BEFD9}
	EndProjectSection
EndProject
Project("{8BC9CEB8-8B4A-11D0-8D11-00A0C91BC942}") = "Faults", "Sim\Faults\Faults.vcproj", "{B1251ABE-8BBE-4D89-B9C4-F253C4760855}"
	ProjectSection(ProjectDependencies) = postProject
	EndProjectSection
EndProject
Project("{8BC9CEB8-8B4A-11D0-8D11-00A0C91BC942}") = "Feature", "Sim\Feature\Feature.vcproj", "{9AB683D2-C834-4543-BF4B-F4C50AD5D16E}"
	ProjectSection(ProjectDependencies) = postProject
	EndProjectSection
EndProject
Project("{8BC9CEB8-8B4A-11D0-8D11-00A0C91BC942}") = "Ground", "Sim\Ground\Ground.vcproj", "{335948B2-69EB-4949-A264-A5A14ABE5BDA}"
	ProjectSection(ProjectDependencies) = postProject
	EndProjectSection
EndProject
Project("{8BC9CEB8-8B4A-11D0-8D11-00A0C91BC942}") = "Guns", "Sim\Guns\Guns.vcproj", "{3C79FE0F-78F0-4451-99A9-E2EE9CEFE39A}"
	ProjectSection(ProjectDependencies) = postProject
	EndProjectSection
EndProject
Project("{8BC9CEB8-8B4A-11D0-8D11-00A0C91BC942}") = "HDigi", "Sim\HDigi\HDigi.vcproj", "{30BA2DFE-D99E-4576-986A-834B868BEFD9}"
	ProjectSection(ProjectDependencies) = postProject
	EndProjectSection
EndProject
Project("{8BC9CEB8-8B4A-11D0-8D11-00A0C91BC942}") = "Helo", "Sim\Helo\Helo.vcproj", "{BA98EF88-F5FA-4BFD-A6C8-1EA4445026C9}"
	ProjectSection(ProjectDependencies) = postProject
	EndProjectSection
EndProject
Project("{8BC9CEB8-8B4A-11D0-8D11-00A0C91BC942}") = "ICP", "Sim\ICP\ICP.vcproj", "{F0F3C561-1BEF-48C0-9708-9C588F326DB4}"
	ProjectSection(ProjectDependencies) = postProject
	EndProjectSection
EndProject
Project("{8BC9CEB8-8B4A-11D0-8D11-00A0C91BC942}") = "Irst", "Sim\Irst\Irst.vcproj", "{F02BF74B-FDB5-4E64-B232-554ADE43DF1A}"
	ProjectSection(ProjectDependencies) = postProject
	EndProjectSection
EndProject
Project("{8BC9CEB8-8B4A-11D0-8D11-00A0C91BC942}") = "Lists", "codelib\tools\lists\Lists.vcproj", "{0052E7E5-99E4-45A5-AF65-89C997DA37A1}"
	ProjectSection(ProjectDependencies) = postProject
	EndProjectSection
EndProject
Project("{8BC9CEB8-8B4A-11D0-8D11-00A0C91BC942}") = "Missile", "Sim\Missile\Missile.vcproj", "{D3B8701D-46C8-425A-BF3E-2D856ED8F732}"
	ProjectSection(ProjectDependencies) = postProject
	EndProjectSection
EndProject
Project("{8BC9CEB8-8B4A-11D0-8D11-00A0C91BC942}") = "Movie", "Movie\Movie.vcproj", "{D2F5AB8E-A793-4817-A476-3FB9F9ACB384}"
	ProjectSection(ProjectDependencies) = postProject
	EndProjectSection
EndProject
Project("{8BC9CEB8-8B4A-11D0-8D11-00A0C91BC942}") = "Navaids", "Sim\Navaids\Navaids.vcproj", "{25056C8F-66B0-4E5F-9F93-2E0BA7A22C4C}"
	ProjectSection(ProjectDependencies) = postProject
	EndProjectSection
EndProject
Project("{8BC9CEB8-8B4A-11D0-8D11-00A0C91BC942}") = "OTWDrive", "Sim\OTWDrive\OTWDrive.vcproj", "{501002DB-C2C6-4963-968F-991A56811A75}"
	ProjectSection(ProjectDependencies) = postProject
	EndProjectSection
EndProject
Project("{8BC9CEB8-8B4A-11D0-8D11-00A0C91BC942}") = "Objects", "Graphics\Objects\Objects.vcproj", "{4A1ABFED-DEB8-4E1F-9B8B-7DD0EC45F433}"
	ProjectSection(ProjectDependencies) = postProject
	EndProjectSection
EndProject
Project("{8BC9CEB8-8B4A-11D0-8D11-00A0C91BC942}") = "Radar", "Sim\Radar\Radar.vcproj", "{0A406638-92B3-4109-97A4-8CE1391550E0}"
	ProjectSection(ProjectDependencies) = postProject
	EndProjectSection
EndProject
Project("{8BC9CEB8-8B4A-11D0-8D11-00A0C91BC942}") = "Renderer", "Graphics\Renderer\Renderer.vcproj", "{6275F50C-0337-4201-9CDB-F58FD5A66D65}"
	ProjectSection(ProjectDependencies) = postProject
	EndProjectSection
EndProject
Project("{8BC9CEB8-8B4A-11D0-8D11-00A0C91BC942}") = "ResMgr", "codelib\resources\reslib\ResMgr.vcproj", "{637040B7-E832-4567-AB76-56A0521AFA9E}"
	ProjectSection(ProjectDependencies) = postProject
	EndProjectSection
EndProject
Project("{8BC9CEB8-8B4A-11D0-8D11-00A0C91BC942}") = "Rwr", "Sim\Rwr\Rwr.vcproj", "{5AFB5B41-122D-4929-9EC6-279F88934DD9}"
	ProjectSection(ProjectDependencies) = postProject
	EndProjectSection
EndProject
Project("{8BC9CEB8-8B4A-11D0-8D11-00A0C91BC942}") = "SimDrive", "Sim\SimDrive\SimDrive.vcproj", "{D180A90E-67BF-46E5-939E-744FD76B5BD1}"
	ProjectSection(ProjectDependencies) = postProject
	EndProjectSection
EndProject
Project("{8BC9CEB8-8B4A-11D0-8D11-00A0C91BC942}") = "SimInput", "Sim\SimInput\SimInput.vcproj", "{1D825AA7-EAB1-47D0-AC9A-C44DB4F0DDFC}"
	ProjectSection(ProjectDependencies) = postProject
	EndProjectSection
EndProject
Project("{8BC9CEB8-8B4A-11D0-8D11-00A0C91BC942}") = "SimLib", "Sim\SimLib\SimLib.vcproj", "{19AC892E-EB8C-46BE-A73D-D69AD23C41F3}"
	ProjectSection(ProjectDependencies) = postProject
	EndProjectSection
EndProject
Project("{8BC9CEB8-8B4A-11D0-8D11-00A0C91BC942}") = "SimLoop", "Sim\SimLoop\SimLoop.vcproj", "{5D9EEB30-2BC8-42CD-B76F-06FB46492B08}"
	ProjectSection(ProjectDependencies) = postProject
	EndProjectSection
EndProject
Project("{8BC9CEB8-8B4A-11D0-8D11-00A0C91BC942}") = "Terrain", "Graphics\Terrain\Terrain.vcproj", "{FCEA447D-B717-4C0E-ABDB-25355EFFD63B}"
	ProjectSection(ProjectDependencies) = postProject
	EndProjectSection
EndProject
Project("{8BC9CEB8-8B4A-11D0-8D11-00A0C91BC942}") = "Texture", "Graphics\Texture\Texture.vcproj", "{8A0E07A2-5623-4742-AD92-ADC5310C425A}"
	ProjectSection(ProjectDependencies) = postProject
	EndProjectSection
EndProject
Project("{8BC9CEB8-8B4A-11D0-8D11-00A0C91BC942}") = "Tools", "Tools\Tools.vcproj", "{DB08A361-37B1-4D37-AE4C-52C3F654DAB4}"
	ProjectSection(ProjectDependencies) = postProject
	EndProjectSection
EndProject
Project("{8BC9CEB8-8B4A-11D0-8D11-00A0C91BC942}") = "UI", "UI\UI.vcproj", "{EC52C00E-CD89-44E8-B356-F8A173F8ED40}"
	ProjectSection(ProjectDependencies) = postProject
	EndProjectSection
EndProject
Project("{8BC9CEB8-8B4A-11D0-8D11-00A0C91BC942}") = "UI95_ext", "UI95_ext\UI95_ext.vcproj", "{264AB5CD-FB0C-497A-A30F-3EAC9624DC7B}"
	ProjectSection(ProjectDependencies) = postProject
	EndProjectSection
EndProject
Project("{8BC9CEB8-8B4A-11D0-8D11-00A0C91BC942}") = "UICampaign", "UI\Src\Campaign\Campaign.vcproj", "{3052A8D3-71F3-4502-BD4D-37C0CC1B1176}"
	ProjectSection(ProjectDependencies) = postProject
	EndProjectSection
EndProject
Project("{8BC9CEB8-8B4A-11D0-8D11-00A0C91BC942}") = "UICommon", "UI\Src\Common\Common.vcproj", "{5050729B-EFD8-4ED4-800D-41575F41B225}"
	ProjectSection(ProjectDependencies) = postProject
	EndProjectSection
EndProject
Project("{8BC9CEB8-8B4A-11D0-8D11-00A0C91BC942}") = "UIDogfight", "UI\src\Dogfight\UIDogfight.vcproj", "{BA2CB060-F7CC-4258-B356-C743BE43937E}"
	ProjectSection(ProjectDependencies) = postProject
	EndProjectSection
EndProject
Project("{8BC9CEB8-8B4A-11D0-8D11-00A0C91BC942}") = "UIGeneral", "UI\Src\General\UIGeneral.vcproj", "{C89E7CFD-2B9C-4AEA-8F9E-B29747933F9B}"
	ProjectSection(ProjectDependencies) = postProject
	EndProjectSection
EndProject
Project("{8BC9CEB8-8B4A-11D0-8D11-00A0C91BC942}") = "UIInstant", "UI\Src\Instant\UIInstant.vcproj", "{30816680-DB76-4485-AA3D-3FC966390C0E}"
	ProjectSection(ProjectDependencies) = postProject
	EndProjectSection
EndProject
Project("{8BC9CEB8-8B4A-11D0-8D11-00A0C91BC942}") = "UILogbook", "UI\Src\Logbook\UILogbook.vcproj", "{A66FFC82-B2F9-48FF-B169-EC911B9E7512}"
	ProjectSection(ProjectDependencies) = postProject
	EndProjectSection
EndProject
Project("{8BC9CEB8-8B4A-11D0-8D11-00A0C91BC942}") = "UISetup", "UI\Src\Setup\UISetup.vcproj", "{DE5206A9-EF00-4233-A3E1-08DF65E1AB65}"
	ProjectSection(ProjectDependencies) = postProject
	EndProjectSection
EndProject
Project("{8BC9CEB8-8B4A-11D0-8D11-00A0C91BC942}") = "UITaceng", "UI\Src\Taceng\UITaceng.vcproj", "{12A1697C-7EB4-4BA0-9764-7386B91C4FEB}"
	ProjectSection(ProjectDependencies) = postProject
	EndProjectSection
EndProject
Project("{8BC9CEB8-8B4A-11D0-8D11-00A0C91BC942}") = "UITacref", "UI\Src\Tacref\UITacref.vcproj", "{08082B97-E1DA-491A-ACDA-E555342C9F82}"
	ProjectSection(ProjectDependencies) = postProject
	EndProjectSection
EndProject
Project("{8BC9CEB8-8B4A-11D0-8D11-00A0C91BC942}") = "Utils", "Graphics\Utils\Utils.vcproj", "{A0377AAE-3C21-4841-BA46-333B7835490C}"
	ProjectSection(ProjectDependencies) = postProject
	EndProjectSection
EndProject
Project("{8BC9CEB8-8B4A-11D0-8D11-00A0C91BC942}") = "Visual", "Sim\Visual\Visual.vcproj", "{608E8FEB-FB0D-43E1-8615-91FAFA182B89}"
	ProjectSection(ProjectDependencies) = postProject
	EndProjectSection
EndProject
Project("{8BC9CEB8-8B4A-11D0-8D11-00A0C91BC942}") = "Vu2", "Vu2\Vu2.vcproj", "{24640B5C-06A2-46FC-8B9F-49779489AE6D}"
	ProjectSection(ProjectDependencies) = postProject
	EndProjectSection
EndProject
Project("{8BC9CEB8-8B4A-11D0-8D11-00A0C91BC942}") = "Weather", "Graphics\Weather\Weather.vcproj", "{7B84E881-F7A3-41D0-802A-6C9238018427}"
	ProjectSection(ProjectDependencies) = postProject
	EndProjectSection
EndProject
Project("{8BC9CEB8-8B4A-11D0-8D11-00A0C91BC942}") = "crashhandler", "crashhandler\crashhandler.vcproj", "{06FEDAB4-0B59-4B15-8B9B-CC74F4D96C07}"
	ProjectSection(ProjectDependencies) = postProject
	EndProjectSection
EndProject
Project("{8BC9CEB8-8B4A-11D0-8D11-00A0C91BC942}") = "ui95", "ui95\ui95.vcproj", "{3BE385A8-D11D-4E54-BCEE-443CE3C81DBC}"
	ProjectSection(ProjectDependencies) = postProject
	EndProjectSection
EndProject
Project("{8BC9CEB8-8B4A-11D0-8D11-00A0C91BC942}") = "UIComms", "UI\SRC\comms\UIComms.vcproj", "{5D2D31C8-287E-4970-9425-B45745B3874C}"
	ProjectSection(ProjectDependencies) = postProject
	EndProjectSection
EndProject
Project("{8BC9CEB8-8B4A-11D0-8D11-00A0C91BC942}") = "F4Compress", "F4Compress\F4Compress.vcproj", "{B4FD05BE-1C1E-4934-B708-89706613CA57}"
	ProjectSection(ProjectDependencies) = postProject
		{8ED5D803-EFF2-4B5B-86AF-831FF6A5A7F7} = {8ED5D803-EFF2-4B5B-86AF-831FF6A5A7F7}
		{6275F50C-0337-4201-9CDB-F58FD5A66D65} = {6275F50C-0337-4201-9CDB-F58FD5A66D65}
		{DB08A361-37B1-4D37-AE4C-52C3F654DAB4} = {DB08A361-37B1-4D37-AE4C-52C3F654DAB4}
		{FCEA447D-B717-4C0E-ABDB-25355EFFD63B} = {FCEA447D-B717-4C0E-ABDB-25355EFFD63B}
		{7B84E881-F7A3-41D0-802A-6C9238018427} = {7B84E881-F7A3-41D0-802A-6C9238018427}
		{8A0E07A2-5623-4742-AD92-ADC5310C425A} = {8A0E07A2-5623-4742-AD92-ADC5310C425A}
		{A9AF41A2-348D-40FC-A7AD-601A944E1D2F} = {A9AF41A2-348D-40FC-A7AD-601A944E1D2F}
		{A0377AAE-3C21-4841-BA46-333B7835490C} = {A0377AAE-3C21-4841-BA46-333B7835490C}
		{06FEDAB4-0B59-4B15-8B9B-CC74F4D96C07} = {06FEDAB4-0B59-4B15-8B9B-CC74F4D96C07}
		{637040B7-E832-4567-AB76-56A0521AFA9E} = {637040B7-E832-4567-AB76-56A0521AFA9E}
		{4A1ABFED-DEB8-4E1F-9B8B-7DD0EC45F433} = {4A1ABFED-DEB8-4E1F-9B8B-7DD0EC45F433}
	EndProjectSection
EndProject
Project("{8BC9CEB8-8B4A-11D0-8D11-00A0C91BC942}") = "nvdxt", "Graphics\nvdxt\nvdxt.vcproj", "{D350E25E-8996-47C9-B3EF-D27986D93920}"
	ProjectSection(ProjectDependencies) = postProject
	EndProjectSection
EndProject
Project("{8BC9CEB8-8B4A-11D0-8D11-00A0C91BC942}") = "3DLib", "Graphics\3Dlib\3DLib.vcproj", "{13256DB2-A84D-4755-9EFC-BEECDA61713C}"
	ProjectSection(ProjectDependencies) = postProject
	EndProjectSection
EndProject
Project("{8BC9CEB8-8B4A-11D0-8D11-00A0C91BC942}") = "Acmi", "ACMI\Acmi.vcproj", "{4B65F64A-C572-44DA-834F-47CDDE6381FE}"
	ProjectSection(ProjectDependencies) = postProject
	EndProjectSection
EndProject
Project("{8BC9CEB8-8B4A-11D0-8D11-00A0C91BC942}") = "Aircraft", "SIM\Aircraft\Aircraft.vcproj", "{7937590F-BA3E-4537-87E3-98863770AC81}"
	ProjectSection(ProjectDependencies) = postProject
	EndProjectSection
EndProject
Project("{8BC9CEB8-8B4A-11D0-8D11-00A0C91BC942}") = "Airframe", "SIM\Airframe\Airframe.vcproj", "{3042720A-4B53-4B35-A354-031A0D79C226}"
	ProjectSection(ProjectDependencies) = postProject
	EndProjectSection
EndProject
Project("{8BC9CEB8-8B4A-11D0-8D11-00A0C91BC942}") = "DXEngine", "Graphics\DXEngine\DXEngine.vcproj", "{59BECA8E-1370-4D6E-BCA7-C6948601471A}"
	ProjectSection(ProjectDependencies) = postProject
	EndProjectSection
EndProject
Global
	GlobalSection(SolutionConfiguration) = preSolution
		Debug = Debug
		Protected = Protected
		Release = Release
		Remote = Remote
	EndGlobalSection
	GlobalSection(ProjectDependencies) = postSolution
	EndGlobalSection
	GlobalSection(ProjectConfiguration) = postSolution
		{A9AF41A2-348D-40FC-A7AD-601A944E1D2F}.Debug.ActiveCfg = Debug|Win32
		{A9AF41A2-348D-40FC-A7AD-601A944E1D2F}.Debug.Build.0 = Debug|Win32
		{A9AF41A2-348D-40FC-A7AD-601A944E1D2F}.Protected.ActiveCfg = Remote|Win32
		{A9AF41A2-348D-40FC-A7AD-601A944E1D2F}.Protected.Build.0 = Remote|Win32
		{A9AF41A2-348D-40FC-A7AD-601A944E1D2F}.Release.ActiveCfg = Release|Win32
		{A9AF41A2-348D-40FC-A7AD-601A944E1D2F}.Release.Build.0 = Release|Win32
		{A9AF41A2-348D-40FC-A7AD-601A944E1D2F}.Remote.ActiveCfg = Remote|Win32
		{A9AF41A2-348D-40FC-A7AD-601A944E1D2F}.Remote.Build.0 = Remote|Win32
		{916C9938-FB28-4452-92B7-FF27DF0F858F}.Debug.ActiveCfg = Debug|Win32
		{916C9938-FB28-4452-92B7-FF27DF0F858F}.Debug.Build.0 = Debug|Win32
		{916C9938-FB28-4452-92B7-FF27DF0F858F}.Protected.ActiveCfg = Remote|Win32
		{916C9938-FB28-4452-92B7-FF27DF0F858F}.Protected.Build.0 = Remote|Win32
		{916C9938-FB28-4452-92B7-FF27DF0F858F}.Release.ActiveCfg = Release|Win32
		{916C9938-FB28-4452-92B7-FF27DF0F858F}.Release.Build.0 = Release|Win32
		{916C9938-FB28-4452-92B7-FF27DF0F858F}.Remote.ActiveCfg = Remote|Win32
		{916C9938-FB28-4452-92B7-FF27DF0F858F}.Remote.Build.0 = Remote|Win32
		{137E2465-7871-46AB-990A-8B53B26E6067}.Debug.ActiveCfg = Debug|Win32
		{137E2465-7871-46AB-990A-8B53B26E6067}.Debug.Build.0 = Debug|Win32
		{137E2465-7871-46AB-990A-8B53B26E6067}.Protected.ActiveCfg = Remote|Win32
		{137E2465-7871-46AB-990A-8B53B26E6067}.Protected.Build.0 = Remote|Win32
		{137E2465-7871-46AB-990A-8B53B26E6067}.Release.ActiveCfg = Release|Win32
		{137E2465-7871-46AB-990A-8B53B26E6067}.Release.Build.0 = Release|Win32
		{137E2465-7871-46AB-990A-8B53B26E6067}.Remote.ActiveCfg = Remote|Win32
		{137E2465-7871-46AB-990A-8B53B26E6067}.Remote.Build.0 = Remote|Win32
		{9F3DC08D-F3AB-45BA-BDEC-D6E416C5C09A}.Debug.ActiveCfg = Debug|Win32
		{9F3DC08D-F3AB-45BA-BDEC-D6E416C5C09A}.Debug.Build.0 = Debug|Win32
		{9F3DC08D-F3AB-45BA-BDEC-D6E416C5C09A}.Protected.ActiveCfg = Remote|Win32
		{9F3DC08D-F3AB-45BA-BDEC-D6E416C5C09A}.Protected.Build.0 = Remote|Win32
		{9F3DC08D-F3AB-45BA-BDEC-D6E416C5C09A}.Release.ActiveCfg = Release|Win32
		{9F3DC08D-F3AB-45BA-BDEC-D6E416C5C09A}.Release.Build.0 = Release|Win32
		{9F3DC08D-F3AB-45BA-BDEC-D6E416C5C09A}.Remote.ActiveCfg = Remote|Win32
		{9F3DC08D-F3AB-45BA-BDEC-D6E416C5C09A}.Remote.Build.0 = Remote|Win32
		{D7932B34-4576-43BA-9287-757C91C1F09B}.Debug.ActiveCfg = Debug|Win32
		{D7932B34-4576-43BA-9287-757C91C1F09B}.Debug.Build.0 = Debug|Win32
		{D7932B34-4576-43BA-9287-757C91C1F09B}.Protected.ActiveCfg = Remote|Win32
		{D7932B34-4576-43BA-9287-757C91C1F09B}.Protected.Build.0 = Remote|Win32
		{D7932B34-4576-43BA-9287-757C91C1F09B}.Release.ActiveCfg = Release|Win32
		{D7932B34-4576-43BA-9287-757C91C1F09B}.Release.Build.0 = Release|Win32
		{D7932B34-4576-43BA-9287-757C91C1F09B}.Remote.ActiveCfg = Remote|Win32
		{D7932B34-4576-43BA-9287-757C91C1F09B}.Remote.Build.0 = Remote|Win32
		{AB408B12-A8E9-4BA2-A312-92DF930559EF}.Debug.ActiveCfg = Debug|Win32
		{AB408B12-A8E9-4BA2-A312-92DF930559EF}.Debug.Build.0 = Debug|Win32
		{AB408B12-A8E9-4BA2-A312-92DF930559EF}.Protected.ActiveCfg = Remote|Win32
		{AB408B12-A8E9-4BA2-A312-92DF930559EF}.Protected.Build.0 = Remote|Win32
		{AB408B12-A8E9-4BA2-A312-92DF930559EF}.Release.ActiveCfg = Release|Win32
		{AB408B12-A8E9-4BA2-A312-92DF930559EF}.Release.Build.0 = Release|Win32
		{AB408B12-A8E9-4BA2-A312-92DF930559EF}.Remote.ActiveCfg = Remote|Win32
		{AB408B12-A8E9-4BA2-A312-92DF930559EF}.Remote.Build.0 = Remote|Win32
		{1B95EBF6-D3A4-49F1-8DB7-CB3058A5FFCF}.Debug.ActiveCfg = Debug|Win32
		{1B95EBF6-D3A4-49F1-8DB7-CB3058A5FFCF}.Debug.Build.0 = Debug|Win32
		{1B95EBF6-D3A4-49F1-8DB7-CB3058A5FFCF}.Protected.ActiveCfg = Remote|Win32
		{1B95EBF6-D3A4-49F1-8DB7-CB3058A5FFCF}.Protected.Build.0 = Remote|Win32
		{1B95EBF6-D3A4-49F1-8DB7-CB3058A5FFCF}.Release.ActiveCfg = Release|Win32
		{1B95EBF6-D3A4-49F1-8DB7-CB3058A5FFCF}.Release.Build.0 = Release|Win32
		{1B95EBF6-D3A4-49F1-8DB7-CB3058A5FFCF}.Remote.ActiveCfg = Remote|Win32
		{1B95EBF6-D3A4-49F1-8DB7-CB3058A5FFCF}.Remote.Build.0 = Remote|Win32
		{C008F3F5-C2A9-49C0-8798-30D3B83A6CC2}.Debug.ActiveCfg = Debug|Win32
		{C008F3F5-C2A9-49C0-8798-30D3B83A6CC2}.Debug.Build.0 = Debug|Win32
		{C008F3F5-C2A9-49C0-8798-30D3B83A6CC2}.Protected.ActiveCfg = Remote|Win32
		{C008F3F5-C2A9-49C0-8798-30D3B83A6CC2}.Protected.Build.0 = Remote|Win32
		{C008F3F5-C2A9-49C0-8798-30D3B83A6CC2}.Release.ActiveCfg = Release|Win32
		{C008F3F5-C2A9-49C0-8798-30D3B83A6CC2}.Release.Build.0 = Release|Win32
		{C008F3F5-C2A9-49C0-8798-30D3B83A6CC2}.Remote.ActiveCfg = Remote|Win32
		{C008F3F5-C2A9-49C0-8798-30D3B83A6CC2}.Remote.Build.0 = Remote|Win32
		{32EAB4B3-5B0D-4205-8DCE-99FF97B7EEA5}.Debug.ActiveCfg = Debug|Win32
		{32EAB4B3-5B0D-4205-8DCE-99FF97B7EEA5}.Debug.Build.0 = Debug|Win32
		{32EAB4B3-5B0D-4205-8DCE-99FF97B7EEA5}.Protected.ActiveCfg = Remote|Win32
		{32EAB4B3-5B0D-4205-8DCE-99FF97B7EEA5}.Protected.Build.0 = Remote|Win32
		{32EAB4B3-5B0D-4205-8DCE-99FF97B7EEA5}.Release.ActiveCfg = Release|Win32
		{32EAB4B3-5B0D-4205-8DCE-99FF97B7EEA5}.Release.Build.0 = Release|Win32
		{32EAB4B3-5B0D-4205-8DCE-99FF97B7EEA5}.Remote.ActiveCfg = Remote|Win32
		{32EAB4B3-5B0D-4205-8DCE-99FF97B7EEA5}.Remote.Build.0 = Remote|Win32
		{8ED5D803-EFF2-4B5B-86AF-831FF6A5A7F7}.Debug.ActiveCfg = Debug|Win32
		{8ED5D803-EFF2-4B5B-86AF-831FF6A5A7F7}.Debug.Build.0 = Debug|Win32
		{8ED5D803-EFF2-4B5B-86AF-831FF6A5A7F7}.Protected.ActiveCfg = Remote|Win32
		{8ED5D803-EFF2-4B5B-86AF-831FF6A5A7F7}.Protected.Build.0 = Remote|Win32
		{8ED5D803-EFF2-4B5B-86AF-831FF6A5A7F7}.Release.ActiveCfg = Release|Win32
		{8ED5D803-EFF2-4B5B-86AF-831FF6A5A7F7}.Release.Build.0 = Release|Win32
		{8ED5D803-EFF2-4B5B-86AF-831FF6A5A7F7}.Remote.ActiveCfg = Remote|Win32
		{8ED5D803-EFF2-4B5B-86AF-831FF6A5A7F7}.Remote.Build.0 = Remote|Win32
		{36A59546-6E25-4436-B4F5-C113DECCCF3C}.Debug.ActiveCfg = Debug|Win32
		{36A59546-6E25-4436-B4F5-C113DECCCF3C}.Debug.Build.0 = Debug|Win32
		{36A59546-6E25-4436-B4F5-C113DECCCF3C}.Protected.ActiveCfg = Remote|Win32
		{36A59546-6E25-4436-B4F5-C113DECCCF3C}.Protected.Build.0 = Remote|Win32
		{36A59546-6E25-4436-B4F5-C113DECCCF3C}.Release.ActiveCfg = Release|Win32
		{36A59546-6E25-4436-B4F5-C113DECCCF3C}.Release.Build.0 = Release|Win32
		{36A59546-6E25-4436-B4F5-C113DECCCF3C}.Remote.ActiveCfg = Remote|Win32
		{36A59546-6E25-4436-B4F5-C113DECCCF3C}.Remote.Build.0 = Remote|Win32
		{30F114E1-84F8-4C54-B897-97BAEE1CF481}.Debug.ActiveCfg = Debug|Win32
		{30F114E1-84F8-4C54-B897-97BAEE1CF481}.Debug.Build.0 = Debug|Win32
		{30F114E1-84F8-4C54-B897-97BAEE1CF481}.Protected.ActiveCfg = Remote|Win32
		{30F114E1-84F8-4C54-B897-97BAEE1CF481}.Protected.Build.0 = Remote|Win32
		{30F114E1-84F8-4C54-B897-97BAEE1CF481}.Release.ActiveCfg = Release|Win32
		{30F114E1-84F8-4C54-B897-97BAEE1CF481}.Release.Build.0 = Release|Win32
		{30F114E1-84F8-4C54-B897-97BAEE1CF481}.Remote.ActiveCfg = Remote|Win32
		{30F114E1-84F8-4C54-B897-97BAEE1CF481}.Remote.Build.0 = Remote|Win32
		{D8956702-2871-46F0-82D5-62034C5F7285}.Debug.ActiveCfg = Debug|Win32
		{D8956702-2871-46F0-82D5-62034C5F7285}.Debug.Build.0 = Debug|Win32
		{D8956702-2871-46F0-82D5-62034C5F7285}.Protected.ActiveCfg = Remote|Win32
		{D8956702-2871-46F0-82D5-62034C5F7285}.Protected.Build.0 = Remote|Win32
		{D8956702-2871-46F0-82D5-62034C5F7285}.Release.ActiveCfg = Release|Win32
		{D8956702-2871-46F0-82D5-62034C5F7285}.Release.Build.0 = Release|Win32
		{D8956702-2871-46F0-82D5-62034C5F7285}.Remote.ActiveCfg = Remote|Win32
		{D8956702-2871-46F0-82D5-62034C5F7285}.Remote.Build.0 = Remote|Win32
		{8F024CCA-883D-4A35-AAE1-99169C50B94E}.Debug.ActiveCfg = Debug|Win32
		{8F024CCA-883D-4A35-AAE1-99169C50B94E}.Debug.Build.0 = Debug|Win32
		{8F024CCA-883D-4A35-AAE1-99169C50B94E}.Protected.ActiveCfg = Remote|Win32
		{8F024CCA-883D-4A35-AAE1-99169C50B94E}.Protected.Build.0 = Remote|Win32
		{8F024CCA-883D-4A35-AAE1-99169C50B94E}.Release.ActiveCfg = Release|Win32
		{8F024CCA-883D-4A35-AAE1-99169C50B94E}.Release.Build.0 = Release|Win32
		{8F024CCA-883D-4A35-AAE1-99169C50B94E}.Remote.ActiveCfg = Remote|Win32
		{8F024CCA-883D-4A35-AAE1-99169C50B94E}.Remote.Build.0 = Remote|Win32
		{279B8DEB-3C4A-4B2C-9055-AA50F7405219}.Debug.ActiveCfg = Debug|Win32
		{279B8DEB-3C4A-4B2C-9055-AA50F7405219}.Debug.Build.0 = Debug|Win32
		{279B8DEB-3C4A-4B2C-9055-AA50F7405219}.Protected.ActiveCfg = Remote|Win32
		{279B8DEB-3C4A-4B2C-9055-AA50F7405219}.Protected.Build.0 = Remote|Win32
		{279B8DEB-3C4A-4B2C-9055-AA50F7405219}.Release.ActiveCfg = Release|Win32
		{279B8DEB-3C4A-4B2C-9055-AA50F7405219}.Release.Build.0 = Release|Win32
		{279B8DEB-3C4A-4B2C-9055-AA50F7405219}.Remote.ActiveCfg = Remote|Win32
		{279B8DEB-3C4A-4B2C-9055-AA50F7405219}.Remote.Build.0 = Remote|Win32
		{F08AB66A-0C6F-4382-97D7-C46C375D3C24}.Debug.ActiveCfg = Debug|Win32
		{F08AB66A-0C6F-4382-97D7-C46C375D3C24}.Debug.Build.0 = Debug|Win32
		{F08AB66A-0C6F-4382-97D7-C46C375D3C24}.Protected.ActiveCfg = Remote|Win32
		{F08AB66A-0C6F-4382-97D7-C46C375D3C24}.Protected.Build.0 = Remote|Win32
		{F08AB66A-0C6F-4382-97D7-C46C375D3C24}.Release.ActiveCfg = Release|Win32
		{F08AB66A-0C6F-4382-97D7-C46C375D3C24}.Release.Build.0 = Release|Win32
		{F08AB66A-0C6F-4382-97D7-C46C375D3C24}.Remote.ActiveCfg = Remote|Win32
		{F08AB66A-0C6F-4382-97D7-C46C375D3C24}.Remote.Build.0 = Remote|Win32
		{B9BCF143-4CB4-45CE-8A65-8A0C54768E58}.Debug.ActiveCfg = Debug|Win32
		{B9BCF143-4CB4-45CE-8A65-8A0C54768E58}.Debug.Build.0 = Debug|Win32
		{B9BCF143-4CB4-45CE-8A65-8A0C54768E58}.Protected.ActiveCfg = Remote|Win32
		{B9BCF143-4CB4-45CE-8A65-8A0C54768E58}.Protected.Build.0 = Remote|Win32
		{B9BCF143-4CB4-45CE-8A65-8A0C54768E58}.Release.ActiveCfg = Release|Win32
		{B9BCF143-4CB4-45CE-8A65-8A0C54768E58}.Release.Build.0 = Release|Win32
		{B9BCF143-4CB4-45CE-8A65-8A0C54768E58}.Remote.ActiveCfg = Remote|Win32
		{B9BCF143-4CB4-45CE-8A65-8A0C54768E58}.Remote.Build.0 = Remote|Win32
		{B1251ABE-8BBE-4D89-B9C4-F253C4760855}.Debug.ActiveCfg = Debug|Win32
		{B1251ABE-8BBE-4D89-B9C4-F253C4760855}.Debug.Build.0 = Debug|Win32
		{B1251ABE-8BBE-4D89-B9C4-F253C4760855}.Protected.ActiveCfg = Remote|Win32
		{B1251ABE-8BBE-4D89-B9C4-F253C4760855}.Protected.Build.0 = Remote|Win32
		{B1251ABE-8BBE-4D89-B9C4-F253C4760855}.Release.ActiveCfg = Release|Win32
		{B1251ABE-8BBE-4D89-B9C4-F253C4760855}.Release.Build.0 = Release|Win32
		{B1251ABE-8BBE-4D89-B9C4-F253C4760855}.Remote.ActiveCfg = Remote|Win32
		{B1251ABE-8BBE-4D89-B9C4-F253C4760855}.Remote.Build.0 = Remote|Win32
		{9AB683D2-C834-4543-BF4B-F4C50AD5D16E}.Debug.ActiveCfg = Debug|Win32
		{9AB683D2-C834-4543-BF4B-F4C50AD5D16E}.Debug.Build.0 = Debug|Win32
		{9AB683D2-C834-4543-BF4B-F4C50AD5D16E}.Protected.ActiveCfg = Remote|Win32
		{9AB683D2-C834-4543-BF4B-F4C50AD5D16E}.Protected.Build.0 = Remote|Win32
		{9AB683D2-C834-4543-BF4B-F4C50AD5D16E}.Release.ActiveCfg = Release|Win32
		{9AB683D2-C834-4543-BF4B-F4C50AD5D16E}.Release.Build.0 = Release|Win32
		{9AB683D2-C834-4543-BF4B-F4C50AD5D16E}.Remote.ActiveCfg = Remote|Win32
		{9AB683D2-C834-4543-BF4B-F4C50AD5D16E}.Remote.Build.0 = Remote|Win32
		{335948B2-69EB-4949-A264-A5A14ABE5BDA}.Debug.ActiveCfg = Debug|Win32
		{335948B2-69EB-4949-A264-A5A14ABE5BDA}.Debug.Build.0 = Debug|Win32
		{335948B2-69EB-4949-A264-A5A14ABE5BDA}.Protected.ActiveCfg = Remote|Win32
		{335948B2-69EB-4949-A264-A5A14ABE5BDA}.Protected.Build.0 = Remote|Win32
		{335948B2-69EB-4949-A264-A5A14ABE5BDA}.Release.ActiveCfg = Release|Win32
		{335948B2-69EB-4949-A264-A5A14ABE5BDA}.Release.Build.0 = Release|Win32
		{335948B2-69EB-4949-A264-A5A14ABE5BDA}.Remote.ActiveCfg = Remote|Win32
		{335948B2-69EB-4949-A264-A5A14ABE5BDA}.Remote.Build.0 = Remote|Win32
		{3C79FE0F-78F0-4451-99A9-E2EE9CEFE39A}.Debug.ActiveCfg = Debug|Win32
		{3C79FE0F-78F0-4451-99A9-E2EE9CEFE39A}.Debug.Build.0 = Debug|Win32
		{3C79FE0F-78F0-4451-99A9-E2EE9CEFE39A}.Protected.ActiveCfg = Remote|Win32
		{3C79FE0F-78F0-4451-99A9-E2EE9CEFE39A}.Protected.Build.0 = Remote|Win32
		{3C79FE0F-78F0-4451-99A9-E2EE9CEFE39A}.Release.ActiveCfg = Release|Win32
		{3C79FE0F-78F0-4451-99A9-E2EE9CEFE39A}.Release.Build.0 = Release|Win32
		{3C79FE0F-78F0-4451-99A9-E2EE9CEFE39A}.Remote.ActiveCfg = Remote|Win32
		{3C79FE0F-78F0-4451-99A9-E2EE9CEFE39A}.Remote.Build.0 = Remote|Win32
		{30BA2DFE-D99E-4576-986A-834B868BEFD9}.Debug.ActiveCfg = Debug|Win32
		{30BA2DFE-D99E-4576-986A-834B868BEFD9}.Debug.Build.0 = Debug|Win32
		{30BA2DFE-D99E-4576-986A-834B868BEFD9}.Protected.ActiveCfg = Remote|Win32
		{30BA2DFE-D99E-4576-986A-834B868BEFD9}.Protected.Build.0 = Remote|Win32
		{30BA2DFE-D99E-4576-986A-834B868BEFD9}.Release.ActiveCfg = Release|Win32
		{30BA2DFE-D99E-4576-986A-834B868BEFD9}.Release.Build.0 = Release|Win32
		{30BA2DFE-D99E-4576-986A-834B868BEFD9}.Remote.ActiveCfg = Remote|Win32
		{30BA2DFE-D99E-4576-986A-834B868BEFD9}.Remote.Build.0 = Remote|Win32
		{BA98EF88-F5FA-4BFD-A6C8-1EA4445026C9}.Debug.ActiveCfg = Debug|Win32
		{BA98EF88-F5FA-4BFD-A6C8-1EA4445026C9}.Debug.Build.0 = Debug|Win32
		{BA98EF88-F5FA-4BFD-A6C8-1EA4445026C9}.Protected.ActiveCfg = Remote|Win32
		{BA98EF88-F5FA-4BFD-A6C8-1EA4445026C9}.Protected.Build.0 = Remote|Win32
		{BA98EF88-F5FA-4BFD-A6C8-1EA4445026C9}.Release.ActiveCfg = Release|Win32
		{BA98EF88-F5FA-4BFD-A6C8-1EA4445026C9}.Release.Build.0 = Release|Win32
		{BA98EF88-F5FA-4BFD-A6C8-1EA4445026C9}.Remote.ActiveCfg = Remote|Win32
		{BA98EF88-F5FA-4BFD-A6C8-1EA4445026C9}.Remote.Build.0 = Remote|Win32
		{F0F3C561-1BEF-48C0-9708-9C588F326DB4}.Debug.ActiveCfg = Debug|Win32
		{F0F3C561-1BEF-48C0-9708-9C588F326DB4}.Debug.Build.0 = Debug|Win32
		{F0F3C561-1BEF-48C0-9708-9C588F326DB4}.Protected.ActiveCfg = Remote|Win32
		{F0F3C561-1BEF-48C0-9708-9C588F326DB4}.Protected.Build.0 = Remote|Win32
		{F0F3C561-1BEF-48C0-9708-9C588F326DB4}.Release.ActiveCfg = Release|Win32
		{F0F3C561-1BEF-48C0-9708-9C588F326DB4}.Release.Build.0 = Release|Win32
		{F0F3C561-1BEF-48C0-9708-9C588F326DB4}.Remote.ActiveCfg = Remote|Win32
		{F0F3C561-1BEF-48C0-9708-9C588F326DB4}.Remote.Build.0 = Remote|Win32
		{F02BF74B-FDB5-4E64-B232-554ADE43DF1A}.Debug.ActiveCfg = Debug|Win32
		{F02BF74B-FDB5-4E64-B232-554ADE43DF1A}.Debug.Build.0 = Debug|Win32
		{F02BF74B-FDB5-4E64-B232-554ADE43DF1A}.Protected.ActiveCfg = Remote|Win32
		{F02BF74B-FDB5-4E64-B232-554ADE43DF1A}.Protected.Build.0 = Remote|Win32
		{F02BF74B-FDB5-4E64-B232-554ADE43DF1A}.Release.ActiveCfg = Release|Win32
		{F02BF74B-FDB5-4E64-B232-554ADE43DF1A}.Release.Build.0 = Release|Win32
		{F02BF74B-FDB5-4E64-B232-554ADE43DF1A}.Remote.ActiveCfg = Remote|Win32
		{F02BF74B-FDB5-4E64-B232-554ADE43DF1A}.Remote.Build.0 = Remote|Win32
		{0052E7E5-99E4-45A5-AF65-89C997DA37A1}.Debug.ActiveCfg = Debug|Win32
		{0052E7E5-99E4-45A5-AF65-89C997DA37A1}.Debug.Build.0 = Debug|Win32
		{0052E7E5-99E4-45A5-AF65-89C997DA37A1}.Protected.ActiveCfg = Remote|Win32
		{0052E7E5-99E4-45A5-AF65-89C997DA37A1}.Protected.Build.0 = Remote|Win32
		{0052E7E5-99E4-45A5-AF65-89C997DA37A1}.Release.ActiveCfg = Release|Win32
		{0052E7E5-99E4-45A5-AF65-89C997DA37A1}.Release.Build.0 = Release|Win32
		{0052E7E5-99E4-45A5-AF65-89C997DA37A1}.Remote.ActiveCfg = Remote|Win32
		{0052E7E5-99E4-45A5-AF65-89C997DA37A1}.Remote.Build.0 = Remote|Win32
		{D3B8701D-46C8-425A-BF3E-2D856ED8F732}.Debug.ActiveCfg = Debug|Win32
		{D3B8701D-46C8-425A-BF3E-2D856ED8F732}.Debug.Build.0 = Debug|Win32
		{D3B8701D-46C8-425A-BF3E-2D856ED8F732}.Protected.ActiveCfg = Remote|Win32
		{D3B8701D-46C8-425A-BF3E-2D856ED8F732}.Protected.Build.0 = Remote|Win32
		{D3B8701D-46C8-425A-BF3E-2D856ED8F732}.Release.ActiveCfg = Release|Win32
		{D3B8701D-46C8-425A-BF3E-2D856ED8F732}.Release.Build.0 = Release|Win32
		{D3B8701D-46C8-425A-BF3E-2D856ED8F732}.Remote.ActiveCfg = Remote|Win32
		{D3B8701D-46C8-425A-BF3E-2D856ED8F732}.Remote.Build.0 = Remote|Win32
		{D2F5AB8E-A793-4817-A476-3FB9F9ACB384}.Debug.ActiveCfg = Debug|Win32
		{D2F5AB8E-A793-4817-A476-3FB9F9ACB384}.Debug.Build.0 = Debug|Win32
		{D2F5AB8E-A793-4817-A476-3FB9F9ACB384}.Protected.ActiveCfg = Remote|Win32
		{D2F5AB8E-A793-4817-A476-3FB9F9ACB384}.Protected.Build.0 = Remote|Win32
		{D2F5AB8E-A793-4817-A476-3FB9F9ACB384}.Release.ActiveCfg = Release|Win32
		{D2F5AB8E-A793-4817-A476-3FB9F9ACB384}.Release.Build.0 = Release|Win32
		{D2F5AB8E-A793-4817-A476-3FB9F9ACB384}.Remote.ActiveCfg = Remote|Win32
		{D2F5AB8E-A793-4817-A476-3FB9F9ACB384}.Remote.Build.0 = Remote|Win32
		{25056C8F-66B0-4E5F-9F93-2E0BA7A22C4C}.Debug.ActiveCfg = Debug|Win32
		{25056C8F-66B0-4E5F-9F93-2E0BA7A22C4C}.Debug.Build.0 = Debug|Win32
		{25056C8F-66B0-4E5F-9F93-2E0BA7A22C4C}.Protected.ActiveCfg = Remote|Win32
		{25056C8F-66B0-4E5F-9F93-2E0BA7A22C4C}.Protected.Build.0 = Remote|Win32
		{25056C8F-66B0-4E5F-9F93-2E0BA7A22C4C}.Release.ActiveCfg = Release|Win32
		{25056C8F-66B0-4E5F-9F93-2E0BA7A22C4C}.Release.Build.0 = Release|Win32
		{25056C8F-66B0-4E5F-9F93-2E0BA7A22C4C}.Remote.ActiveCfg = Remote|Win32
		{25056C8F-66B0-4E5F-9F93-2E0BA7A22C4C}.Remote.Build.0 = Remote|Win32
		{501002DB-C2C6-4963-968F-991A56811A75}.Debug.ActiveCfg = Debug|Win32
		{501002DB-C2C6-4963-968F-991A56811A75}.Debug.Build.0 = Debug|Win32
		{501002DB-C2C6-4963-968F-991A56811A75}.Protected.ActiveCfg = Remote|Win32
		{501002DB-C2C6-4963-968F-991A56811A75}.Protected.Build.0 = Remote|Win32
		{501002DB-C2C6-4963-968F-991A56811A75}.Release.ActiveCfg = Release|Win32
		{501002DB-C2C6-4963-968F-991A56811A75}.Release.Build.0 = Release|Win32
		{501002DB-C2C6-4963-968F-991A56811A75}.Remote.ActiveCfg = Remote|Win32
		{501002DB-C2C6-4963-968F-991A56811A75}.Remote.Build.0 = Remote|Win32
		{4A1ABFED-DEB8-4E1F-9B8B-7DD0EC45F433}.Debug.ActiveCfg = Debug|Win32
		{4A1ABFED-DEB8-4E1F-9B8B-7DD0EC45F433}.Debug.Build.0 = Debug|Win32
		{4A1ABFED-DEB8-4E1F-9B8B-7DD0EC45F433}.Protected.ActiveCfg = Remote|Win32
		{4A1ABFED-DEB8-4E1F-9B8B-7DD0EC45F433}.Protected.Build.0 = Remote|Win32
		{4A1ABFED-DEB8-4E1F-9B8B-7DD0EC45F433}.Release.ActiveCfg = Release|Win32
		{4A1ABFED-DEB8-4E1F-9B8B-7DD0EC45F433}.Release.Build.0 = Release|Win32
		{4A1ABFED-DEB8-4E1F-9B8B-7DD0EC45F433}.Remote.ActiveCfg = Remote|Win32
		{4A1ABFED-DEB8-4E1F-9B8B-7DD0EC45F433}.Remote.Build.0 = Remote|Win32
		{0A406638-92B3-4109-97A4-8CE1391550E0}.Debug.ActiveCfg = Debug|Win32
		{0A406638-92B3-4109-97A4-8CE1391550E0}.Debug.Build.0 = Debug|Win32
		{0A406638-92B3-4109-97A4-8CE1391550E0}.Protected.ActiveCfg = Remote|Win32
		{0A406638-92B3-4109-97A4-8CE1391550E0}.Protected.Build.0 = Remote|Win32
		{0A406638-92B3-4109-97A4-8CE1391550E0}.Release.ActiveCfg = Release|Win32
		{0A406638-92B3-4109-97A4-8CE1391550E0}.Release.Build.0 = Release|Win32
		{0A406638-92B3-4109-97A4-8CE1391550E0}.Remote.ActiveCfg = Remote|Win32
		{0A406638-92B3-4109-97A4-8CE1391550E0}.Remote.Build.0 = Remote|Win32
		{6275F50C-0337-4201-9CDB-F58FD5A66D65}.Debug.ActiveCfg = Debug|Win32
		{6275F50C-0337-4201-9CDB-F58FD5A66D65}.Debug.Build.0 = Debug|Win32
		{6275F50C-0337-4201-9CDB-F58FD5A66D65}.Protected.ActiveCfg = Remote|Win32
		{6275F50C-0337-4201-9CDB-F58FD5A66D65}.Protected.Build.0 = Remote|Win32
		{6275F50C-0337-4201-9CDB-F58FD5A66D65}.Release.ActiveCfg = Release|Win32
		{6275F50C-0337-4201-9CDB-F58FD5A66D65}.Release.Build.0 = Release|Win32
		{6275F50C-0337-4201-9CDB-F58FD5A66D65}.Remote.ActiveCfg = Remote|Win32
		{6275F50C-0337-4201-9CDB-F58FD5A66D65}.Remote.Build.0 = Remote|Win32
		{637040B7-E832-4567-AB76-56A0521AFA9E}.Debug.ActiveCfg = Debug|Win32
		{637040B7-E832-4567-AB76-56A0521AFA9E}.Debug.Build.0 = Debug|Win32
		{637040B7-E832-4567-AB76-56A0521AFA9E}.Protected.ActiveCfg = Remote|Win32
		{637040B7-E832-4567-AB76-56A0521AFA9E}.Protected.Build.0 = Remote|Win32
		{637040B7-E832-4567-AB76-56A0521AFA9E}.Release.ActiveCfg = Release|Win32
		{637040B7-E832-4567-AB76-56A0521AFA9E}.Release.Build.0 = Release|Win32
		{637040B7-E832-4567-AB76-56A0521AFA9E}.Remote.ActiveCfg = Remote|Win32
		{637040B7-E832-4567-AB76-56A0521AFA9E}.Remote.Build.0 = Remote|Win32
		{5AFB5B41-122D-4929-9EC6-279F88934DD9}.Debug.ActiveCfg = Debug|Win32
		{5AFB5B41-122D-4929-9EC6-279F88934DD9}.Debug.Build.0 = Debug|Win32
		{5AFB5B41-122D-4929-9EC6-279F88934DD9}.Protected.ActiveCfg = Remote|Win32
		{5AFB5B41-122D-4929-9EC6-279F88934DD9}.Protected.Build.0 = Remote|Win32
		{5AFB5B41-122D-4929-9EC6-279F88934DD9}.Release.ActiveCfg = Release|Win32
		{5AFB5B41-122D-4929-9EC6-279F88934DD9}.Release.Build.0 = Release|Win32
		{5AFB5B41-122D-4929-9EC6-279F88934DD9}.Remote.ActiveCfg = Remote|Win32
		{5AFB5B41-122D-4929-9EC6-279F88934DD9}.Remote.Build.0 = Remote|Win32
		{D180A90E-67BF-46E5-939E-744FD76B5BD1}.Debug.ActiveCfg = Debug|Win32
		{D180A90E-67BF-46E5-939E-744FD76B5BD1}.Debug.Build.0 = Debug|Win32
		{D180A90E-67BF-46E5-939E-744FD76B5BD1}.Protected.ActiveCfg = Remote|Win32
		{D180A90E-67BF-46E5-939E-744FD76B5BD1}.Protected.Build.0 = Remote|Win32
		{D180A90E-67BF-46E5-939E-744FD76B5BD1}.Release.ActiveCfg = Release|Win32
		{D180A90E-67BF-46E5-939E-744FD76B5BD1}.Release.Build.0 = Release|Win32
		{D180A90E-67BF-46E5-939E-744FD76B5BD1}.Remote.ActiveCfg = Remote|Win32
		{D180A90E-67BF-46E5-939E-744FD76B5BD1}.Remote.Build.0 = Remote|Win32
		{1D825AA7-EAB1-47D0-AC9A-C44DB4F0DDFC}.Debug.ActiveCfg = Debug|Win32
		{1D825AA7-EAB1-47D0-AC9A-C44DB4F0DDFC}.Debug.Build.0 = Debug|Win32
		{1D825AA7-EAB1-47D0-AC9A-C44DB4F0DDFC}.Protected.ActiveCfg = Remote|Win32
		{1D825AA7-EAB1-47D0-AC9A-C44DB4F0DDFC}.Protected.Build.0 = Remote|Win32
		{1D825AA7-EAB1-47D0-AC9A-C44DB4F0DDFC}.Release.ActiveCfg = Release|Win32
		{1D825AA7-EAB1-47D0-AC9A-C44DB4F0DDFC}.Release.Build.0 = Release|Win32
		{1D825AA7-EAB1-47D0-AC9A-C44DB4F0DDFC}.Remote.ActiveCfg = Remote|Win32
		{1D825AA7-EAB1-47D0-AC9A-C44DB4F0DDFC}.Remote.Build.0 = Remote|Win32
		{19AC892E-EB8C-46BE-A73D-D69AD23C41F3}.Debug.ActiveCfg = Debug|Win32
		{19AC892E-EB8C-46BE-A73D-D69AD23C41F3}.Debug.Build.0 = Debug|Win32
		{19AC892E-EB8C-46BE-A73D-D69AD23C41F3}.Protected.ActiveCfg = Remote|Win32
		{19AC892E-EB8C-46BE-A73D-D69AD23C41F3}.Protected.Build.0 = Remote|Win32
		{19AC892E-EB8C-46BE-A73D-D69AD23C41F3}.Release.ActiveCfg = Release|Win32
		{19AC892E-EB8C-46BE-A73D-D69AD23C41F3}.Release.Build.0 = Release|Win32
		{19AC892E-EB8C-46BE-A73D-D69AD23C41F3}.Remote.ActiveCfg = Remote|Win32
		{19AC892E-EB8C-46BE-A73D-D69AD23C41F3}.Remote.Build.0 = Remote|Win32
		{5D9EEB30-2BC8-42CD-B76F-06FB46492B08}.Debug.ActiveCfg = Debug|Win32
		{5D9EEB30-2BC8-42CD-B76F-06FB46492B08}.Debug.Build.0 = Debug|Win32
		{5D9EEB30-2BC8-42CD-B76F-06FB46492B08}.Protected.ActiveCfg = Remote|Win32
		{5D9EEB30-2BC8-42CD-B76F-06FB46492B08}.Protected.Build.0 = Remote|Win32
		{5D9EEB30-2BC8-42CD-B76F-06FB46492B08}.Release.ActiveCfg = Release|Win32
		{5D9EEB30-2BC8-42CD-B76F-06FB46492B08}.Release.Build.0 = Release|Win32
		{5D9EEB30-2BC8-42CD-B76F-06FB46492B08}.Remote.ActiveCfg = Remote|Win32
		{5D9EEB30-2BC8-42CD-B76F-06FB46492B08}.Remote.Build.0 = Remote|Win32
		{FCEA447D-B717-4C0E-ABDB-25355EFFD63B}.Debug.ActiveCfg = Debug|Win32
		{FCEA447D-B717-4C0E-ABDB-25355EFFD63B}.Debug.Build.0 = Debug|Win32
		{FCEA447D-B717-4C0E-ABDB-25355EFFD63B}.Protected.ActiveCfg = Remote|Win32
		{FCEA447D-B717-4C0E-ABDB-25355EFFD63B}.Protected.Build.0 = Remote|Win32
		{FCEA447D-B717-4C0E-ABDB-25355EFFD63B}.Release.ActiveCfg = Release|Win32
		{FCEA447D-B717-4C0E-ABDB-25355EFFD63B}.Release.Build.0 = Release|Win32
		{FCEA447D-B717-4C0E-ABDB-25355EFFD63B}.Remote.ActiveCfg = Remote|Win32
		{FCEA447D-B717-4C0E-ABDB-25355EFFD63B}.Remote.Build.0 = Remote|Win32
		{8A0E07A2-5623-4742-AD92-ADC5310C425A}.Debug.ActiveCfg = Debug|Win32
		{8A0E07A2-5623-4742-AD92-ADC5310C425A}.Debug.Build.0 = Debug|Win32
		{8A0E07A2-5623-4742-AD92-ADC5310C425A}.Protected.ActiveCfg = Remote|Win32
		{8A0E07A2-5623-4742-AD92-ADC5310C425A}.Protected.Build.0 = Remote|Win32
		{8A0E07A2-5623-4742-AD92-ADC5310C425A}.Release.ActiveCfg = Release|Win32
		{8A0E07A2-5623-4742-AD92-ADC5310C425A}.Release.Build.0 = Release|Win32
		{8A0E07A2-5623-4742-AD92-ADC5310C425A}.Remote.ActiveCfg = Remote|Win32
		{8A0E07A2-5623-4742-AD92-ADC5310C425A}.Remote.Build.0 = Remote|Win32
		{DB08A361-37B1-4D37-AE4C-52C3F654DAB4}.Debug.ActiveCfg = Debug|Win32
		{DB08A361-37B1-4D37-AE4C-52C3F654DAB4}.Debug.Build.0 = Debug|Win32
		{DB08A361-37B1-4D37-AE4C-52C3F654DAB4}.Protected.ActiveCfg = Remote|Win32
		{DB08A361-37B1-4D37-AE4C-52C3F654DAB4}.Protected.Build.0 = Remote|Win32
		{DB08A361-37B1-4D37-AE4C-52C3F654DAB4}.Release.ActiveCfg = Release|Win32
		{DB08A361-37B1-4D37-AE4C-52C3F654DAB4}.Release.Build.0 = Release|Win32
		{DB08A361-37B1-4D37-AE4C-52C3F654DAB4}.Remote.ActiveCfg = Remote|Win32
		{DB08A361-37B1-4D37-AE4C-52C3F654DAB4}.Remote.Build.0 = Remote|Win32
		{EC52C00E-CD89-44E8-B356-F8A173F8ED40}.Debug.ActiveCfg = Debug|Win32
		{EC52C00E-CD89-44E8-B356-F8A173F8ED40}.Debug.Build.0 = Debug|Win32
		{EC52C00E-CD89-44E8-B356-F8A173F8ED40}.Protected.ActiveCfg = Remote|Win32
		{EC52C00E-CD89-44E8-B356-F8A173F8ED40}.Protected.Build.0 = Remote|Win32
		{EC52C00E-CD89-44E8-B356-F8A173F8ED40}.Release.ActiveCfg = Release|Win32
		{EC52C00E-CD89-44E8-B356-F8A173F8ED40}.Release.Build.0 = Release|Win32
		{EC52C00E-CD89-44E8-B356-F8A173F8ED40}.Remote.ActiveCfg = Remote|Win32
		{EC52C00E-CD89-44E8-B356-F8A173F8ED40}.Remote.Build.0 = Remote|Win32
		{264AB5CD-FB0C-497A-A30F-3EAC9624DC7B}.Debug.ActiveCfg = Debug|Win32
		{264AB5CD-FB0C-497A-A30F-3EAC9624DC7B}.Debug.Build.0 = Debug|Win32
		{264AB5CD-FB0C-497A-A30F-3EAC9624DC7B}.Protected.ActiveCfg = Remote|Win32
		{264AB5CD-FB0C-497A-A30F-3EAC9624DC7B}.Protected.Build.0 = Remote|Win32
		{264AB5CD-FB0C-497A-A30F-3EAC9624DC7B}.Release.ActiveCfg = Release|Win32
		{264AB5CD-FB0C-497A-A30F-3EAC9624DC7B}.Release.Build.0 = Release|Win32
		{264AB5CD-FB0C-497A-A30F-3EAC9624DC7B}.Remote.ActiveCfg = Remote|Win32
		{264AB5CD-FB0C-497A-A30F-3EAC9624DC7B}.Remote.Build.0 = Remote|Win32
		{3052A8D3-71F3-4502-BD4D-37C0CC1B1176}.Debug.ActiveCfg = Debug|Win32
		{3052A8D3-71F3-4502-BD4D-37C0CC1B1176}.Debug.Build.0 = Debug|Win32
		{3052A8D3-71F3-4502-BD4D-37C0CC1B1176}.Protected.ActiveCfg = Remote|Win32
		{3052A8D3-71F3-4502-BD4D-37C0CC1B1176}.Protected.Build.0 = Remote|Win32
		{3052A8D3-71F3-4502-BD4D-37C0CC1B1176}.Release.ActiveCfg = Release|Win32
		{3052A8D3-71F3-4502-BD4D-37C0CC1B1176}.Release.Build.0 = Release|Win32
		{3052A8D3-71F3-4502-BD4D-37C0CC1B1176}.Remote.ActiveCfg = Remote|Win32
		{3052A8D3-71F3-4502-BD4D-37C0CC1B1176}.Remote.Build.0 = Remote|Win32
		{5050729B-EFD8-4ED4-800D-41575F41B225}.Debug.ActiveCfg = Debug|Win32
		{5050729B-EFD8-4ED4-800D-41575F41B225}.Debug.Build.0 = Debug|Win32
		{5050729B-EFD8-4ED4-800D-41575F41B225}.Protected.ActiveCfg = Remote|Win32
		{5050729B-EFD8-4ED4-800D-41575F41B225}.Protected.Build.0 = Remote|Win32
		{5050729B-EFD8-4ED4-800D-41575F41B225}.Release.ActiveCfg = Release|Win32
		{5050729B-EFD8-4ED4-800D-41575F41B225}.Release.Build.0 = Release|Win32
		{5050729B-EFD8-4ED4-800D-41575F41B225}.Remote.ActiveCfg = Remote|Win32
		{5050729B-EFD8-4ED4-800D-41575F41B225}.Remote.Build.0 = Remote|Win32
		{BA2CB060-F7CC-4258-B356-C743BE43937E}.Debug.ActiveCfg = Debug|Win32
		{BA2CB060-F7CC-4258-B356-C743BE43937E}.Debug.Build.0 = Debug|Win32
		{BA2CB060-F7CC-4258-B356-C743BE43937E}.Protected.ActiveCfg = Remote|Win32
		{BA2CB060-F7CC-4258-B356-C743BE43937E}.Protected.Build.0 = Remote|Win32
		{BA2CB060-F7CC-4258-B356-C743BE43937E}.Release.ActiveCfg = Release|Win32
		{BA2CB060-F7CC-4258-B356-C743BE43937E}.Release.Build.0 = Release|Win32
		{BA2CB060-F7CC-4258-B356-C743BE43937E}.Remote.ActiveCfg = Remote|Win32
		{BA2CB060-F7CC-4258-B356-C743BE43937E}.Remote.Build.0 = Remote|Win32
		{C89E7CFD-2B9C-4AEA-8F9E-B29747933F9B}.Debug.ActiveCfg = Debug|Win32
		{C89E7CFD-2B9C-4AEA-8F9E-B29747933F9B}.Debug.Build.0 = Debug|Win32
		{C89E7CFD-2B9C-4AEA-8F9E-B29747933F9B}.Protected.ActiveCfg = Remote|Win32
		{C89E7CFD-2B9C-4AEA-8F9E-B29747933F9B}.Protected.Build.0 = Remote|Win32
		{C89E7CFD-2B9C-4AEA-8F9E-B29747933F9B}.Release.ActiveCfg = Release|Win32
		{C89E7CFD-2B9C-4AEA-8F9E-B29747933F9B}.Release.Build.0 = Release|Win32
		{C89E7CFD-2B9C-4AEA-8F9E-B29747933F9B}.Remote.ActiveCfg = Remote|Win32
		{C89E7CFD-2B9C-4AEA-8F9E-B29747933F9B}.Remote.Build.0 = Remote|Win32
		{30816680-DB76-4485-AA3D-3FC966390C0E}.Debug.ActiveCfg = Debug|Win32
		{30816680-DB76-4485-AA3D-3FC966390C0E}.Debug.Build.0 = Debug|Win32
		{30816680-DB76-4485-AA3D-3FC966390C0E}.Protected.ActiveCfg = Remote|Win32
		{30816680-DB76-4485-AA3D-3FC966390C0E}.Protected.Build.0 = Remote|Win32
		{30816680-DB76-4485-AA3D-3FC966390C0E}.Release.ActiveCfg = Release|Win32
		{30816680-DB76-4485-AA3D-3FC966390C0E}.Release.Build.0 = Release|Win32
		{30816680-DB76-4485-AA3D-3FC966390C0E}.Remote.ActiveCfg = Remote|Win32
		{30816680-DB76-4485-AA3D-3FC966390C0E}.Remote.Build.0 = Remote|Win32
		{A66FFC82-B2F9-48FF-B169-EC911B9E7512}.Debug.ActiveCfg = Debug|Win32
		{A66FFC82-B2F9-48FF-B169-EC911B9E7512}.Debug.Build.0 = Debug|Win32
		{A66FFC82-B2F9-48FF-B169-EC911B9E7512}.Protected.ActiveCfg = Remote|Win32
		{A66FFC82-B2F9-48FF-B169-EC911B9E7512}.Protected.Build.0 = Remote|Win32
		{A66FFC82-B2F9-48FF-B169-EC911B9E7512}.Release.ActiveCfg = Release|Win32
		{A66FFC82-B2F9-48FF-B169-EC911B9E7512}.Release.Build.0 = Release|Win32
		{A66FFC82-B2F9-48FF-B169-EC911B9E7512}.Remote.ActiveCfg = Remote|Win32
		{A66FFC82-B2F9-48FF-B169-EC911B9E7512}.Remote.Build.0 = Remote|Win32
		{DE5206A9-EF00-4233-A3E1-08DF65E1AB65}.Debug.ActiveCfg = Debug|Win32
		{DE5206A9-EF00-4233-A3E1-08DF65E1AB65}.Debug.Build.0 = Debug|Win32
		{DE5206A9-EF00-4233-A3E1-08DF65E1AB65}.Protected.ActiveCfg = Remote|Win32
		{DE5206A9-EF00-4233-A3E1-08DF65E1AB65}.Protected.Build.0 = Remote|Win32
		{DE5206A9-EF00-4233-A3E1-08DF65E1AB65}.Release.ActiveCfg = Release|Win32
		{DE5206A9-EF00-4233-A3E1-08DF65E1AB65}.Release.Build.0 = Release|Win32
		{DE5206A9-EF00-4233-A3E1-08DF65E1AB65}.Remote.ActiveCfg = Remote|Win32
		{DE5206A9-EF00-4233-A3E1-08DF65E1AB65}.Remote.Build.0 = Remote|Win32
		{12A1697C-7EB4-4BA0-9764-7386B91C4FEB}.Debug.ActiveCfg = Debug|Win32
		{12A1697C-7EB4-4BA0-9764-7386B91C4FEB}.Debug.Build.0 = Debug|Win32
		{12A1697C-7EB4-4BA0-9764-7386B91C4FEB}.Protected.ActiveCfg = Remote|Win32
		{12A1697C-7EB4-4BA0-9764-7386B91C4FEB}.Protected.Build.0 = Remote|Win32
		{12A1697C-7EB4-4BA0-9764-7386B91C4FEB}.Release.ActiveCfg = Release|Win32
		{12A1697C-7EB4-4BA0-9764-7386B91C4FEB}.Release.Build.0 = Release|Win32
		{12A1697C-7EB4-4BA0-9764-7386B91C4FEB}.Remote.ActiveCfg = Remote|Win32
		{12A1697C-7EB4-4BA0-9764-7386B91C4FEB}.Remote.Build.0 = Remote|Win32
		{08082B97-E1DA-491A-ACDA-E555342C9F82}.Debug.ActiveCfg = Debug|Win32
		{08082B97-E1DA-491A-ACDA-E555342C9F82}.Debug.Build.0 = Debug|Win32
		{08082B97-E1DA-491A-ACDA-E555342C9F82}.Protected.ActiveCfg = Remote|Win32
		{08082B97-E1DA-491A-ACDA-E555342C9F82}.Protected.Build.0 = Remote|Win32
		{08082B97-E1DA-491A-ACDA-E555342C9F82}.Release.ActiveCfg = Release|Win32
		{08082B97-E1DA-491A-ACDA-E555342C9F82}.Release.Build.0 = Release|Win32
		{08082B97-E1DA-491A-ACDA-E555342C9F82}.Remote.ActiveCfg = Remote|Win32
		{08082B97-E1DA-491A-ACDA-E555342C9F82}.Remote.Build.0 = Remote|Win32
		{A0377AAE-3C21-4841-BA46-333B7835490C}.Debug.ActiveCfg = Debug|Win32
		{A0377AAE-3C21-4841-BA46-333B7835490C}.Debug.Build.0 = Debug|Win32
		{A0377AAE-3C21-4841-BA46-333B7835490C}.Protected.ActiveCfg = Remote|Win32
		{A0377AAE-3C21-4841-BA46-333B7835490C}.Protected.Build.0 = Remote|Win32
		{A0377AAE-3C21-4841-BA46-333B7835490C}.Release.ActiveCfg = Release|Win32
		{A0377AAE-3C21-4841-BA46-333B7835490C}.Release.Build.0 = Release|Win32
		{A0377AAE-3C21-4841-BA46-333B7835490C}.Remote.ActiveCfg = Remote|Win32
		{A0377AAE-3C21-4841-BA46-333B7835490C}.Remote.Build.0 = Remote|Win32
		{608E8FEB-FB0D-43E1-8615-91FAFA182B89}.Debug.ActiveCfg = Debug|Win32
		{608E8FEB-FB0D-43E1-8615-91FAFA182B89}.Debug.Build.0 = Debug|Win32
		{608E8FEB-FB0D-43E1-8615-91FAFA182B89}.Protected.ActiveCfg = Remote|Win32
		{608E8FEB-FB0D-43E1-8615-91FAFA182B89}.Protected.Build.0 = Remote|Win32
		{608E8FEB-FB0D-43E1-8615-91FAFA182B89}.Release.ActiveCfg = Release|Win32
		{608E8FEB-FB0D-43E1-8615-91FAFA182B89}.Release.Build.0 = Release|Win32
		{608E8FEB-FB0D-43E1-8615-91FAFA182B89}.Remote.ActiveCfg = Remote|Win32
		{608E8FEB-FB0D-43E1-8615-91FAFA182B89}.Remote.Build.0 = Remote|Win32
		{24640B5C-06A2-46FC-8B9F-49779489AE6D}.Debug.ActiveCfg = Debug|Win32
		{24640B5C-06A2-46FC-8B9F-49779489AE6D}.Debug.Build.0 = Debug|Win32
		{24640B5C-06A2-46FC-8B9F-49779489AE6D}.Protected.ActiveCfg = Remote|Win32
		{24640B5C-06A2-46FC-8B9F-49779489AE6D}.Protected.Build.0 = Remote|Win32
		{24640B5C-06A2-46FC-8B9F-49779489AE6D}.Release.ActiveCfg = Release|Win32
		{24640B5C-06A2-46FC-8B9F-49779489AE6D}.Release.Build.0 = Release|Win32
		{24640B5C-06A2-46FC-8B9F-49779489AE6D}.Remote.ActiveCfg = Remote|Win32
		{24640B5C-06A2-46FC-8B9F-49779489AE6D}.Remote.Build.0 = Remote|Win32
		{7B84E881-F7A3-41D0-802A-6C9238018427}.Debug.ActiveCfg = Debug|Win32
		{7B84E881-F7A3-41D0-802A-6C9238018427}.Debug.Build.0 = Debug|Win32
		{7B84E881-F7A3-41D0-802A-6C9238018427}.Protected.ActiveCfg = Remote|Win32
		{7B84E881-F7A3-41D0-802A-6C9238018427}.Protected.Build.0 = Remote|Win32
		{7B84E881-F7A3-41D0-802A-6C9238018427}.Release.ActiveCfg = Release|Win32
		{7B84E881-F7A3-41D0-802A-6C9238018427}.Release.Build.0 = Release|Win32
		{7B84E881-F7A3-41D0-802A-6C9238018427}.Remote.ActiveCfg = Remote|Win32
		{7B84E881-F7A3-41D0-802A-6C9238018427}.Remote.Build.0 = Remote|Win32
		{06FEDAB4-0B59-4B15-8B9B-CC74F4D96C07}.Debug.ActiveCfg = Debug|Win32
		{06FEDAB4-0B59-4B15-8B9B-CC74F4D96C07}.Debug.Build.0 = Debug|Win32
		{06FEDAB4-0B59-4B15-8B9B-CC74F4D96C07}.Protected.ActiveCfg = Remote|Win32
		{06FEDAB4-0B59-4B15-8B9B-CC74F4D96C07}.Protected.Build.0 = Remote|Win32
		{06FEDAB4-0B59-4B15-8B9B-CC74F4D96C07}.Release.ActiveCfg = Release|Win32
		{06FEDAB4-0B59-4B15-8B9B-CC74F4D96C07}.Release.Build.0 = Release|Win32
		{06FEDAB4-0B59-4B15-8B9B-CC74F4D96C07}.Remote.ActiveCfg = Remote|Win32
		{06FEDAB4-0B59-4B15-8B9B-CC74F4D96C07}.Remote.Build.0 = Remote|Win32
		{3BE385A8-D11D-4E54-BCEE-443CE3C81DBC}.Debug.ActiveCfg = Debug|Win32
		{3BE385A8-D11D-4E54-BCEE-443CE3C81DBC}.Debug.Build.0 = Debug|Win32
		{3BE385A8-D11D-4E54-BCEE-443CE3C81DBC}.Protected.ActiveCfg = Remote|Win32
		{3BE385A8-D11D-4E54-BCEE-443CE3C81DBC}.Protected.Build.0 = Remote|Win32
		{3BE385A8-D11D-4E54-BCEE-443CE3C81DBC}.Release.ActiveCfg = Release|Win32
		{3BE385A8-D11D-4E54-BCEE-443CE3C81DBC}.Release.Build.0 = Release|Win32
		{3BE385A8-D11D-4E54-BCEE-443CE3C81DBC}.Remote.ActiveCfg = Remote|Win32
		{3BE385A8-D11D-4E54-BCEE-443CE3C81DBC}.Remote.Build.0 = Remote|Win32
		{5D2D31C8-287E-4970-9425-B45745B3874C}.Debug.ActiveCfg = Debug|Win32
		{5D2D31C8-287E-4970-9425-B45745B3874C}.Debug.Build.0 = Debug|Win32
		{5D2D31C8-287E-4970-9425-B45745B3874C}.Protected.ActiveCfg = Remote|Win32
		{5D2D31C8-287E-4970-9425-B45745B3874C}.Protected.Build.0 = Remote|Win32
		{5D2D31C8-287E-4970-9425-B45745B3874C}.Release.ActiveCfg = Release|Win32
		{5D2D31C8-287E-4970-9425-B45745B3874C}.Release.Build.0 = Release|Win32
		{5D2D31C8-287E-4970-9425-B45745B3874C}.Remote.ActiveCfg = Remote|Win32
		{5D2D31C8-287E-4970-9425-B45745B3874C}.Remote.Build.0 = Remote|Win32
		{B4FD05BE-1C1E-4934-B708-89706613CA57}.Debug.ActiveCfg = Debug|Win32
		{B4FD05BE-1C1E-4934-B708-89706613CA57}.Protected.ActiveCfg = Debug|Win32
		{B4FD05BE-1C1E-4934-B708-89706613CA57}.Protected.Build.0 = Debug|Win32
		{B4FD05BE-1C1E-4934-B708-89706613CA57}.Release.ActiveCfg = Release|Win32
		{B4FD05BE-1C1E-4934-B708-89706613CA57}.Remote.ActiveCfg = Release|Win32
		{B4FD05BE-1C1E-4934-B708-89706613CA57}.Remote.Build.0 = Release|Win32
		{D350E25E-8996-47C9-B3EF-D27986D93920}.Debug.ActiveCfg = Debug|Win32
		{D350E25E-8996-47C9-B3EF-D27986D93920}.Debug.Build.0 = Debug|Win32
		{D350E25E-8996-47C9-B3EF-D27986D93920}.Protected.ActiveCfg = Remote|Win32
		{D350E25E-8996-47C9-B3EF-D27986D93920}.Protected.Build.0 = Remote|Win32
		{D350E25E-8996-47C9-B3EF-D27986D93920}.Release.ActiveCfg = Release|Win32
		{D350E25E-8996-47C9-B3EF-D27986D93920}.Release.Build.0 = Release|Win32
		{D350E25E-8996-47C9-B3EF-D27986D93920}.Remote.ActiveCfg = Remote|Win32
		{D350E25E-8996-47C9-B3EF-D27986D93920}.Remote.Build.0 = Remote|Win32
		{13256DB2-A84D-4755-9EFC-BEECDA61713C}.Debug.ActiveCfg = Debug|Win32
		{13256DB2-A84D-4755-9EFC-BEECDA61713C}.Debug.Build.0 = Debug|Win32
		{13256DB2-A84D-4755-9EFC-BEECDA61713C}.Protected.ActiveCfg = Remote|Win32
		{13256DB2-A84D-4755-9EFC-BEECDA61713C}.Protected.Build.0 = Remote|Win32
		{13256DB2-A84D-4755-9EFC-BEECDA61713C}.Release.ActiveCfg = Release|Win32
		{13256DB2-A84D-4755-9EFC-BEECDA61713C}.Release.Build.0 = Release|Win32
		{13256DB2-A84D-4755-9EFC-BEECDA61713C}.Remote.ActiveCfg = Remote|Win32
		{13256DB2-A84D-4755-9EFC-BEECDA61713C}.Remote.Build.0 = Remote|Win32
		{4B65F64A-C572-44DA-834F-47CDDE6381FE}.Debug.ActiveCfg = Debug|Win32
		{4B65F64A-C572-44DA-834F-47CDDE6381FE}.Debug.Build.0 = Debug|Win32
		{4B65F64A-C572-44DA-834F-47CDDE6381FE}.Protected.ActiveCfg = Remote|Win32
		{4B65F64A-C572-44DA-834F-47CDDE6381FE}.Protected.Build.0 = Remote|Win32
		{4B65F64A-C572-44DA-834F-47CDDE6381FE}.Release.ActiveCfg = Release|Win32
		{4B65F64A-C572-44DA-834F-47CDDE6381FE}.Release.Build.0 = Release|Win32
		{4B65F64A-C572-44DA-834F-47CDDE6381FE}.Remote.ActiveCfg = Remote|Win32
		{4B65F64A-C572-44DA-834F-47CDDE6381FE}.Remote.Build.0 = Remote|Win32
		{7937590F-BA3E-4537-87E3-98863770AC81}.Debug.ActiveCfg = Debug|Win32
		{7937590F-BA3E-4537-87E3-98863770AC81}.Debug.Build.0 = Debug|Win32
		{7937590F-BA3E-4537-87E3-98863770AC81}.Protected.ActiveCfg = Remote|Win32
		{7937590F-BA3E-4537-87E3-98863770AC81}.Protected.Build.0 = Remote|Win32
		{7937590F-BA3E-4537-87E3-98863770AC81}.Release.ActiveCfg = Release|Win32
		{7937590F-BA3E-4537-87E3-98863770AC81}.Release.Build.0 = Release|Win32
		{7937590F-BA3E-4537-87E3-98863770AC81}.Remote.ActiveCfg = Remote|Win32
		{7937590F-BA3E-4537-87E3-98863770AC81}.Remote.Build.0 = Remote|Win32
		{3042720A-4B53-4B35-A354-031A0D79C226}.Debug.ActiveCfg = Debug|Win32
		{3042720A-4B53-4B35-A354-031A0D79C226}.Debug.Build.0 = Debug|Win32
		{3042720A-4B53-4B35-A354-031A0D79C226}.Protected.ActiveCfg = Remote|Win32
		{3042720A-4B53-4B35-A354-031A0D79C226}.Protected.Build.0 = Remote|Win32
		{3042720A-4B53-4B35-A354-031A0D79C226}.Release.ActiveCfg = Release|Win32
		{3042720A-4B53-4B35-A354-031A0D79C226}.Release.Build.0 = Release|Win32
		{3042720A-4B53-4B35-A354-031A0D79C226}.Remote.ActiveCfg = Remote|Win32
		{3042720A-4B53-4B35-A354-031A0D79C226}.Remote.Build.0 = Remote|Win32
		{59BECA8E-1370-4D6E-BCA7-C6948601471A}.Debug.ActiveCfg = Debug|Win32
		{59BECA8E-1370-4D6E-BCA7-C6948601471A}.Debug.Build.0 = Debug|Win32
		{59BECA8E-1370-4D6E-BCA7-C6948601471A}.Protected.ActiveCfg = Protected|Win32
		{59BECA8E-1370-4D6E-BCA7-C6948601471A}.Protected.Build.0 = Protected|Win32
		{59BECA8E-1370-4D6E-BCA7-C6948601471A}.Release.ActiveCfg = Release|Win32
		{59BECA8E-1370-4D6E-BCA7-C6948601471A}.Release.Build.0 = Release|Win32
		{59BECA8E-1370-4D6E-BCA7-C6948601471A}.Remote.ActiveCfg = Remote|Win32
		{59BECA8E-1370-4D6E-BCA7-C6948601471A}.Remote.Build.0 = Remote|Win32
	EndGlobalSection
	GlobalSection(ExtensibilityGlobals) = postSolution
	EndGlobalSection
	GlobalSection(ExtensibilityAddIns) = postSolution
	EndGlobalSection
	GlobalSection(DPCodeReviewSolutionGUID) = preSolution
		DPCodeReviewSolutionGUID = {00000000-0000-0000-0000-000000000000}
	EndGlobalSection
EndGlobal
