<?xml version="1.0" encoding="utf-8"?>
<Project ToolsVersion="4.0" xmlns="http://schemas.microsoft.com/developer/msbuild/2003">
  <ItemGroup>
    <Filter Include="Source Files">
      <UniqueIdentifier>{4377779a-480c-494f-97eb-0f2b6eece4f5}</UniqueIdentifier>
      <Extensions>cpp;c;cxx;rc;def;r;odl;idl;hpj;bat</Extensions>
    </Filter>
    <Filter Include="Header Files">
      <UniqueIdentifier>{179d37c1-a817-48a5-9f9e-e82252147419}</UniqueIdentifier>
      <Extensions>h;hpp;hxx;hm;inl</Extensions>
    </Filter>
  </ItemGroup>
  <ItemGroup>
    <ClCompile Include="caution.cpp">
      <Filter>Source Files</Filter>
    </ClCompile>
    <ClCompile Include="fack.cpp">
      <Filter>Source Files</Filter>
    </ClCompile>
    <ClCompile Include="fault.cpp">
      <Filter>Source Files</Filter>
    </ClCompile>
  </ItemGroup>
  <ItemGroup>
    <ClInclude Include="..\include\caution.h">
      <Filter>Header Files</Filter>
    </ClInclude>
    <ClInclude Include="..\include\fack.h">
      <Filter>Header Files</Filter>
    </ClInclude>
    <ClInclude Include="..\include\fault.h">
      <Filter>Header Files</Filter>
    </ClInclude>
  </ItemGroup>
</Project>