<?xml version="1.0" encoding="utf-8"?>
<Project ToolsVersion="4.0" xmlns="http://schemas.microsoft.com/developer/msbuild/2003">
  <ItemGroup>
    <Filter Include="Source Files">
      <UniqueIdentifier>{77e6574b-9f64-401e-9aeb-66b359d4e8f2}</UniqueIdentifier>
      <Extensions>cpp;c;cxx;rc;def;r;odl;idl;hpj;bat</Extensions>
    </Filter>
    <Filter Include="Header Files">
      <UniqueIdentifier>{5a5588c5-a15a-4227-ab94-5744f9ebf3be}</UniqueIdentifier>
      <Extensions>h;hpp;hxx;hm;inl</Extensions>
    </Filter>
  </ItemGroup>
  <ItemGroup>
    <ClCompile Include="campgrnd.cpp">
      <Filter>Source Files</Filter>
    </ClCompile>
    <ClCompile Include="gndai.cpp">
      <Filter>Source Files</Filter>
    </ClCompile>
    <ClCompile Include="gndapi.cpp">
      <Filter>Source Files</Filter>
    </ClCompile>
    <ClCompile Include="Grndmain.cpp">
      <Filter>Source Files</Filter>
    </ClCompile>
    <ClCompile Include="Target.cpp">
      <Filter>Source Files</Filter>
    </ClCompile>
    <ClCompile Include="Weapon.cpp">
      <Filter>Source Files</Filter>
    </ClCompile>
  </ItemGroup>
  <ItemGroup>
    <ClInclude Include="..\Include\gndai.h">
      <Filter>Header Files</Filter>
    </ClInclude>
    <ClInclude Include="..\Include\Ground.h">
      <Filter>Header Files</Filter>
    </ClInclude>
  </ItemGroup>
</Project>