<?xml version="1.0" encoding="utf-8"?>
<Project ToolsVersion="4.0" xmlns="http://schemas.microsoft.com/developer/msbuild/2003">
  <ItemGroup>
    <Filter Include="Source Files">
      <UniqueIdentifier>{3ad5c8f1-3ff2-4617-9021-f6f0509650ac}</UniqueIdentifier>
      <Extensions>cpp;c;cxx;rc;def;r;odl;idl;hpj;bat</Extensions>
    </Filter>
    <Filter Include="Header Files">
      <UniqueIdentifier>{39a72ea7-70c3-4c73-887b-1d55e45b2e35}</UniqueIdentifier>
      <Extensions>h;hpp;hxx;hm;inl</Extensions>
    </Filter>
  </ItemGroup>
  <ItemGroup>
    <ClCompile Include="fartex.cpp">
      <Filter>Source Files</Filter>
    </ClCompile>
    <ClCompile Include="Palette.cpp">
      <Filter>Source Files</Filter>
    </ClCompile>
    <ClCompile Include="TerrTex.cpp">
      <Filter>Source Files</Filter>
    </ClCompile>
    <ClCompile Include="Tex.cpp">
      <Filter>Source Files</Filter>
    </ClCompile>
  </ItemGroup>
  <ItemGroup>
    <ClInclude Include="..\Include\fartex.h">
      <Filter>Header Files</Filter>
    </ClInclude>
    <ClInclude Include="..\include\palette.h">
      <Filter>Header Files</Filter>
    </ClInclude>
    <ClInclude Include="..\include\terrtex.h">
      <Filter>Header Files</Filter>
    </ClInclude>
    <ClInclude Include="..\include\tex.h">
      <Filter>Header Files</Filter>
    </ClInclude>
  </ItemGroup>
</Project>