<?xml version="1.0" encoding="utf-8"?>
<Project ToolsVersion="4.0" xmlns="http://schemas.microsoft.com/developer/msbuild/2003">
  <ItemGroup>
    <Filter Include="Source Files">
      <UniqueIdentifier>{3bde1119-4a26-49fd-adf5-153ee1f02c0a}</UniqueIdentifier>
      <Extensions>cpp;c;cxx;rc;def;r;odl;idl;hpj;bat</Extensions>
    </Filter>
    <Filter Include="Header Files">
      <UniqueIdentifier>{631069f8-917b-4e99-89cd-52a7f0622e58}</UniqueIdentifier>
      <Extensions>h;hpp;hxx;hm;inl</Extensions>
    </Filter>
  </ItemGroup>
  <ItemGroup>
    <ClCompile Include="h_chafflare.cpp">
      <Filter>Source Files</Filter>
    </ClCompile>
    <ClCompile Include="h_Damage.cpp">
      <Filter>Source Files</Filter>
    </ClCompile>
    <ClCompile Include="h_Doweapon.cpp">
      <Filter>Source Files</Filter>
    </ClCompile>
    <ClCompile Include="h_Inputs.cpp">
      <Filter>Source Files</Filter>
    </ClCompile>
    <ClCompile Include="HeliMain.cpp">
      <Filter>Source Files</Filter>
    </ClCompile>
    <ClCompile Include="Helimm.cpp">
      <Filter>Source Files</Filter>
    </ClCompile>
  </ItemGroup>
  <ItemGroup>
    <ClInclude Include="..\Include\Helimm.h">
      <Filter>Header Files</Filter>
    </ClInclude>
    <ClInclude Include="..\Include\Helo.h">
      <Filter>Header Files</Filter>
    </ClInclude>
  </ItemGroup>
</Project>