<?xml version="1.0" encoding="utf-8"?>
<Project ToolsVersion="4.0" xmlns="http://schemas.microsoft.com/developer/msbuild/2003">
  <ItemGroup>
    <Filter Include="Source Files">
      <UniqueIdentifier>{724c9e0b-5af9-43a5-ad12-3ce727492572}</UniqueIdentifier>
      <Extensions>cpp;c;cxx;rc;def;r;odl;idl;hpj;bat</Extensions>
    </Filter>
    <Filter Include="Header Files">
      <UniqueIdentifier>{6b1f3425-c9dc-47d0-b31c-ad6f1fe30bdd}</UniqueIdentifier>
      <Extensions>h;hpp;hxx;hm;inl</Extensions>
    </Filter>
  </ItemGroup>
  <ItemGroup>
    <ClCompile Include="Fccmain.cpp">
      <Filter>Source Files</Filter>
    </ClCompile>
    <ClCompile Include="Grndfcc.cpp">
      <Filter>Source Files</Filter>
    </ClCompile>
    <ClCompile Include="Harmfcc.cpp">
      <Filter>Source Files</Filter>
    </ClCompile>
    <ClCompile Include="Lgbfcc.cpp">
      <Filter>Source Files</Filter>
    </ClCompile>
    <ClCompile Include="Mavfcc.cpp">
      <Filter>Source Files</Filter>
    </ClCompile>
    <ClCompile Include="Mislfcc.cpp">
      <Filter>Source Files</Filter>
    </ClCompile>
    <ClCompile Include="navfcc.cpp">
      <Filter>Source Files</Filter>
    </ClCompile>
  </ItemGroup>
  <ItemGroup>
    <ClInclude Include="..\include\fcc.h">
      <Filter>Header Files</Filter>
    </ClInclude>
  </ItemGroup>
</Project>